PODS:
  - AdvancedPageControl (0.9.0)
  - Charts (3.6.0):
    - Charts/Core (= 3.6.0)
  - Charts/Core (3.6.0)
  - Firebase/CoreOnly (8.7.0):
    - FirebaseCore (= 8.7.0)
  - Firebase/Crashlytics (8.7.0):
    - Firebase/CoreOnly
    - FirebaseCrashlytics (~> 8.7.0)
  - FirebaseCore (8.7.0):
    - FirebaseCoreDiagnostics (~> 8.0)
    - GoogleUtilities/Environment (~> 7.4)
    - GoogleUtilities/Logger (~> 7.4)
  - FirebaseCoreDiagnostics (8.7.0):
    - GoogleDataTransport (~> 9.0)
    - GoogleUtilities/Environment (~> 7.4)
    - GoogleUtilities/Logger (~> 7.4)
    - nanopb (~> 2.30908.0)
  - FirebaseCrashlytics (8.7.0):
    - FirebaseCore (~> 8.0)
    - FirebaseInstallations (~> 8.0)
    - GoogleDataTransport (~> 9.0)
    - GoogleUtilities/Environment (~> 7.4)
    - nanopb (~> 2.30908.0)
    - PromisesObjC (< 3.0, >= 1.2)
  - FirebaseInstallations (8.7.0):
    - FirebaseCore (~> 8.0)
    - GoogleUtilities/Environment (~> 7.4)
    - GoogleUtilities/UserDefaults (~> 7.4)
    - PromisesObjC (< 3.0, >= 1.2)
  - GoogleDataTransport (9.1.0):
    - GoogleUtilities/Environment (~> 7.2)
    - nanopb (~> 2.30908.0)
    - PromisesObjC (< 3.0, >= 1.2)
  - GoogleUtilities/Environment (7.5.2):
    - PromisesObjC (< 3.0, >= 1.2)
  - GoogleUtilities/Logger (7.5.2):
    - GoogleUtilities/Environment
  - GoogleUtilities/UserDefaults (7.5.2):
    - GoogleUtilities/Logger
  - Kingfisher (6.3.1)
  - nanopb (2.30908.0):
    - nanopb/decode (= 2.30908.0)
    - nanopb/encode (= 2.30908.0)
  - nanopb/decode (2.30908.0)
  - nanopb/encode (2.30908.0)
  - PanModal (1.2.7)
  - Parchment (3.0.1)
  - PromisesObjC (2.0.0)
  - RNCryptor (5.1.0)
  - SDWebImage (5.11.1):
    - SDWebImage/Core (= 5.11.1)
  - SDWebImage/Core (5.11.1)

DEPENDENCIES:
  - AdvancedPageControl
  - Charts
  - Firebase/Crashlytics
  - Kingfisher
  - PanModal
  - Parchment (~> 3.0)
  - RNCryptor
  - SDWebImage

SPEC REPOS:
  trunk:
    - AdvancedPageControl
    - Charts
    - Firebase
    - FirebaseCore
    - FirebaseCoreDiagnostics
    - FirebaseCrashlytics
    - FirebaseInstallations
    - GoogleDataTransport
    - GoogleUtilities
    - Kingfisher
    - nanopb
    - PanModal
    - Parchment
    - PromisesObjC
    - RNCryptor
    - SDWebImage

SPEC CHECKSUMS:
  AdvancedPageControl: 39e3b32b00b2d324c534f8e17cc6c5be9abe84b7
  Charts: b1e3a1f5a1c9ba5394438ca3b91bd8c9076310af
  Firebase: bc9325d5ee2041524bac78a5213d0e530c651309
  FirebaseCore: f4804c1d3f4bbbefc88904d15653038f2c99ddf7
  FirebaseCoreDiagnostics: b63732f581a1c6a453ec7241f9ab60b3a5bd3450
  FirebaseCrashlytics: 6fac03d1eef054833b71c929c93ab95c12989728
  FirebaseInstallations: ede6fb72bb6337914e5888b399271259d0c4910c
  GoogleDataTransport: 85fd18ff3019bb85d3f2c551d04c481dedf71fc9
  GoogleUtilities: 8de2a97a17e15b6b98e38e8770e2d129a57c0040
  Kingfisher: 016c8b653a35add51dd34a3aba36b580041acc74
  nanopb: a0ba3315591a9ae0a16a309ee504766e90db0c96
  PanModal: 3e16ead1a907fb06f4df3f13492fd00149fa4974
  Parchment: 466a1cfb6151780db8acb4bbedc2d9c6bfa1e2ff
  PromisesObjC: 68159ce6952d93e17b2dfe273b8c40907db5ba58
  RNCryptor: a369134686cd2ad391323cc856b62e591193ba79
  SDWebImage: a7f831e1a65eb5e285e3fb046a23fcfbf08e696d

PODFILE CHECKSUM: 792aa8ad5cdeaab1f10bf91f9c655eb1390216e8

COCOAPODS: 1.10.0
