// !$*UTF8*$!
{
	archiveVersion = 1;
	classes = {
	};
	objectVersion = 51;
	objects = {

/* Begin PBXBuildFile section */
		019973D785EE1B678CD104D4 /* Pods_GTAUITests.framework in Frameworks */ = {isa = PBXBuildFile; fileRef = 6EB077646F36AA7D3D1D97AB /* Pods_GTAUITests.framework */; };
		08DD42AB44AEA79C258F7859 /* Pods_GTAStage.framework in Frameworks */ = {isa = PBXBuildFile; fileRef = 739BB9A2FBAFC3247B247CBA /* Pods_GTAStage.framework */; };
		440FDF77234ADC62245DC9CA /* Pods_GTA.framework in Frameworks */ = {isa = PBXBuildFile; fileRef = E99FE5D7739905AF03A6B886 /* Pods_GTA.framework */; };
		52F3B5B0BEEA12AA44E11F65 /* Pods_GTATests.framework in Frameworks */ = {isa = PBXBuildFile; fileRef = 883FCD5CF54E37AB18CEBE36 /* Pods_GTATests.framework */; };
		659A5AB1255401EA00E13B77 /* AppDelegate.swift in Sources */ = {isa = PBXBuildFile; fileRef = 659A5AB0255401EA00E13B77 /* AppDelegate.swift */; };
		659A5AB3255401EA00E13B77 /* SceneDelegate.swift in Sources */ = {isa = PBXBuildFile; fileRef = 659A5AB2255401EA00E13B77 /* SceneDelegate.swift */; };
		659A5AB5255401EA00E13B77 /* LoginViewController.swift in Sources */ = {isa = PBXBuildFile; fileRef = 659A5AB4255401EA00E13B77 /* LoginViewController.swift */; };
		659A5AB8255401EA00E13B77 /* Main.storyboard in Resources */ = {isa = PBXBuildFile; fileRef = 659A5AB6255401EA00E13B77 /* Main.storyboard */; };
		659A5ABA255401ED00E13B77 /* Assets.xcassets in Resources */ = {isa = PBXBuildFile; fileRef = 659A5AB9255401ED00E13B77 /* Assets.xcassets */; };
		659A5ABD255401ED00E13B77 /* LaunchScreen.storyboard in Resources */ = {isa = PBXBuildFile; fileRef = 659A5ABB255401ED00E13B77 /* LaunchScreen.storyboard */; };
		659A5AC8255401EE00E13B77 /* GTATests.swift in Sources */ = {isa = PBXBuildFile; fileRef = 659A5AC7255401EE00E13B77 /* GTATests.swift */; };
		659A5AD3255401EE00E13B77 /* GTAUITests.swift in Sources */ = {isa = PBXBuildFile; fileRef = 659A5AD2255401EE00E13B77 /* GTAUITests.swift */; };
		659A5AF0255404F100E13B77 /* SF-Pro-Display-Medium.otf in Resources */ = {isa = PBXBuildFile; fileRef = 659A5AEA255404F100E13B77 /* SF-Pro-Display-Medium.otf */; };
		659A5AF1255404F100E13B77 /* SF-Pro-Display-Thin.otf in Resources */ = {isa = PBXBuildFile; fileRef = 659A5AEB255404F100E13B77 /* SF-Pro-Display-Thin.otf */; };
		659A5AF2255404F100E13B77 /* SF-Pro-Display-Bold.otf in Resources */ = {isa = PBXBuildFile; fileRef = 659A5AEC255404F100E13B77 /* SF-Pro-Display-Bold.otf */; };
		659A5AF3255404F100E13B77 /* SF-Pro-Display-Regular.otf in Resources */ = {isa = PBXBuildFile; fileRef = 659A5AED255404F100E13B77 /* SF-Pro-Display-Regular.otf */; };
		659A5AF4255404F100E13B77 /* SF-Pro-Text-Medium.otf in Resources */ = {isa = PBXBuildFile; fileRef = 659A5AEE255404F100E13B77 /* SF-Pro-Text-Medium.otf */; };
		659A5AF5255404F200E13B77 /* SF-Pro-Text-Regular.otf in Resources */ = {isa = PBXBuildFile; fileRef = 659A5AEF255404F100E13B77 /* SF-Pro-Text-Regular.otf */; };
		659A5AFA255457B600E13B77 /* Extensions.swift in Sources */ = {isa = PBXBuildFile; fileRef = 659A5AF9255457B600E13B77 /* Extensions.swift */; };
		65D1A29325549A0600D71965 /* MainViewController.swift in Sources */ = {isa = PBXBuildFile; fileRef = 65D1A29225549A0600D71965 /* MainViewController.swift */; };
		65D1A2A12554BE3700D71965 /* Home.storyboard in Resources */ = {isa = PBXBuildFile; fileRef = 65D1A2A02554BE3700D71965 /* Home.storyboard */; };
		65D1A2AC2554CE5E00D71965 /* HelpDesk.storyboard in Resources */ = {isa = PBXBuildFile; fileRef = 65D1A2AB2554CE5E00D71965 /* HelpDesk.storyboard */; };
		65D1A2B12554CF1F00D71965 /* Apps.storyboard in Resources */ = {isa = PBXBuildFile; fileRef = 65D1A2B02554CF1F00D71965 /* Apps.storyboard */; };
		9F36D4332562A4A1000EE0F1 /* SF-Pro-Text-Semibold.ttf in Resources */ = {isa = PBXBuildFile; fileRef = 9F36D4322562A4A1000EE0F1 /* SF-Pro-Text-Semibold.ttf */; };
		9F36D4342562A4A1000EE0F1 /* SF-Pro-Text-Semibold.ttf in Resources */ = {isa = PBXBuildFile; fileRef = 9F36D4322562A4A1000EE0F1 /* SF-Pro-Text-Semibold.ttf */; };
		9F36D4352562A4A1000EE0F1 /* SF-Pro-Text-Semibold.ttf in Resources */ = {isa = PBXBuildFile; fileRef = 9F36D4322562A4A1000EE0F1 /* SF-Pro-Text-Semibold.ttf */; };
		9F36D43C2562A939000EE0F1 /* SF-Pro-Display-Light.ttf in Resources */ = {isa = PBXBuildFile; fileRef = 9F36D43B2562A938000EE0F1 /* SF-Pro-Display-Light.ttf */; };
		9F36D43D2562A939000EE0F1 /* SF-Pro-Display-Light.ttf in Resources */ = {isa = PBXBuildFile; fileRef = 9F36D43B2562A938000EE0F1 /* SF-Pro-Display-Light.ttf */; };
		9F36D43E2562A939000EE0F1 /* SF-Pro-Display-Light.ttf in Resources */ = {isa = PBXBuildFile; fileRef = 9F36D43B2562A938000EE0F1 /* SF-Pro-Display-Light.ttf */; };
		9F36D4652562C286000EE0F1 /* HomepageTableViewController.swift in Sources */ = {isa = PBXBuildFile; fileRef = 9F36D4632562C286000EE0F1 /* HomepageTableViewController.swift */; };
		9F36D4662562C286000EE0F1 /* HomepageTableViewController.swift in Sources */ = {isa = PBXBuildFile; fileRef = 9F36D4632562C286000EE0F1 /* HomepageTableViewController.swift */; };
		9F36D4672562C286000EE0F1 /* HomepageTableViewController.swift in Sources */ = {isa = PBXBuildFile; fileRef = 9F36D4632562C286000EE0F1 /* HomepageTableViewController.swift */; };
		9F36D4682562C286000EE0F1 /* HomepageViewController.swift in Sources */ = {isa = PBXBuildFile; fileRef = 9F36D4642562C286000EE0F1 /* HomepageViewController.swift */; };
		9F36D4692562C286000EE0F1 /* HomepageViewController.swift in Sources */ = {isa = PBXBuildFile; fileRef = 9F36D4642562C286000EE0F1 /* HomepageViewController.swift */; };
		9F36D46A2562C286000EE0F1 /* HomepageViewController.swift in Sources */ = {isa = PBXBuildFile; fileRef = 9F36D4642562C286000EE0F1 /* HomepageViewController.swift */; };
		9F78CFCD25640A1800BCD38F /* NewsCollectionViewCell.swift in Sources */ = {isa = PBXBuildFile; fileRef = 9F78CFCB25640A1800BCD38F /* NewsCollectionViewCell.swift */; };
		9F78CFCE25640A1800BCD38F /* NewsCollectionViewCell.swift in Sources */ = {isa = PBXBuildFile; fileRef = 9F78CFCB25640A1800BCD38F /* NewsCollectionViewCell.swift */; };
		9F78CFCF25640A1800BCD38F /* NewsCollectionViewCell.swift in Sources */ = {isa = PBXBuildFile; fileRef = 9F78CFCB25640A1800BCD38F /* NewsCollectionViewCell.swift */; };
		9F78CFE82564138800BCD38F /* NewsCollectionViewCell.xib in Resources */ = {isa = PBXBuildFile; fileRef = 9F78CFE72564138800BCD38F /* NewsCollectionViewCell.xib */; };
		9F78CFE92564138800BCD38F /* NewsCollectionViewCell.xib in Resources */ = {isa = PBXBuildFile; fileRef = 9F78CFE72564138800BCD38F /* NewsCollectionViewCell.xib */; };
		9F78CFEA2564138800BCD38F /* NewsCollectionViewCell.xib in Resources */ = {isa = PBXBuildFile; fileRef = 9F78CFE72564138800BCD38F /* NewsCollectionViewCell.xib */; };
		9F819A90255C1572007C1739 /* LoginViewController.swift in Sources */ = {isa = PBXBuildFile; fileRef = 659A5AB4255401EA00E13B77 /* LoginViewController.swift */; };
		9F819A91255C1572007C1739 /* AppDelegate.swift in Sources */ = {isa = PBXBuildFile; fileRef = 659A5AB0255401EA00E13B77 /* AppDelegate.swift */; };
		9F819A92255C1572007C1739 /* SceneDelegate.swift in Sources */ = {isa = PBXBuildFile; fileRef = 659A5AB2255401EA00E13B77 /* SceneDelegate.swift */; };
		9F819A93255C1572007C1739 /* Extensions.swift in Sources */ = {isa = PBXBuildFile; fileRef = 659A5AF9255457B600E13B77 /* Extensions.swift */; };
		9F819A94255C1572007C1739 /* MainViewController.swift in Sources */ = {isa = PBXBuildFile; fileRef = 65D1A29225549A0600D71965 /* MainViewController.swift */; };
		9F819A97255C1572007C1739 /* SF-Pro-Display-Thin.otf in Resources */ = {isa = PBXBuildFile; fileRef = 659A5AEB255404F100E13B77 /* SF-Pro-Display-Thin.otf */; };
		9F819A98255C1572007C1739 /* Home.storyboard in Resources */ = {isa = PBXBuildFile; fileRef = 65D1A2A02554BE3700D71965 /* Home.storyboard */; };
		9F819A99255C1572007C1739 /* SF-Pro-Display-Medium.otf in Resources */ = {isa = PBXBuildFile; fileRef = 659A5AEA255404F100E13B77 /* SF-Pro-Display-Medium.otf */; };
		9F819A9A255C1572007C1739 /* HelpDesk.storyboard in Resources */ = {isa = PBXBuildFile; fileRef = 65D1A2AB2554CE5E00D71965 /* HelpDesk.storyboard */; };
		9F819A9B255C1572007C1739 /* SF-Pro-Display-Bold.otf in Resources */ = {isa = PBXBuildFile; fileRef = 659A5AEC255404F100E13B77 /* SF-Pro-Display-Bold.otf */; };
		9F819A9C255C1572007C1739 /* LaunchScreen.storyboard in Resources */ = {isa = PBXBuildFile; fileRef = 659A5ABB255401ED00E13B77 /* LaunchScreen.storyboard */; };
		9F819A9D255C1572007C1739 /* SF-Pro-Text-Medium.otf in Resources */ = {isa = PBXBuildFile; fileRef = 659A5AEE255404F100E13B77 /* SF-Pro-Text-Medium.otf */; };
		9F819A9E255C1572007C1739 /* Assets.xcassets in Resources */ = {isa = PBXBuildFile; fileRef = 659A5AB9255401ED00E13B77 /* Assets.xcassets */; };
		9F819A9F255C1572007C1739 /* SF-Pro-Text-Regular.otf in Resources */ = {isa = PBXBuildFile; fileRef = 659A5AEF255404F100E13B77 /* SF-Pro-Text-Regular.otf */; };
		9F819AA0255C1572007C1739 /* SF-Pro-Display-Regular.otf in Resources */ = {isa = PBXBuildFile; fileRef = 659A5AED255404F100E13B77 /* SF-Pro-Display-Regular.otf */; };
		9F819AA1255C1572007C1739 /* Apps.storyboard in Resources */ = {isa = PBXBuildFile; fileRef = 65D1A2B02554CF1F00D71965 /* Apps.storyboard */; };
		9F819AA2255C1572007C1739 /* Main.storyboard in Resources */ = {isa = PBXBuildFile; fileRef = 659A5AB6255401EA00E13B77 /* Main.storyboard */; };
		9F819ABA255C1646007C1739 /* LoginViewController.swift in Sources */ = {isa = PBXBuildFile; fileRef = 659A5AB4255401EA00E13B77 /* LoginViewController.swift */; };
		9F819ABB255C1646007C1739 /* AppDelegate.swift in Sources */ = {isa = PBXBuildFile; fileRef = 659A5AB0255401EA00E13B77 /* AppDelegate.swift */; };
		9F819ABC255C1646007C1739 /* SceneDelegate.swift in Sources */ = {isa = PBXBuildFile; fileRef = 659A5AB2255401EA00E13B77 /* SceneDelegate.swift */; };
		9F819ABD255C1646007C1739 /* Extensions.swift in Sources */ = {isa = PBXBuildFile; fileRef = 659A5AF9255457B600E13B77 /* Extensions.swift */; };
		9F819ABE255C1646007C1739 /* MainViewController.swift in Sources */ = {isa = PBXBuildFile; fileRef = 65D1A29225549A0600D71965 /* MainViewController.swift */; };
		9F819AC1255C1646007C1739 /* SF-Pro-Display-Thin.otf in Resources */ = {isa = PBXBuildFile; fileRef = 659A5AEB255404F100E13B77 /* SF-Pro-Display-Thin.otf */; };
		9F819AC2255C1646007C1739 /* Home.storyboard in Resources */ = {isa = PBXBuildFile; fileRef = 65D1A2A02554BE3700D71965 /* Home.storyboard */; };
		9F819AC3255C1646007C1739 /* SF-Pro-Display-Medium.otf in Resources */ = {isa = PBXBuildFile; fileRef = 659A5AEA255404F100E13B77 /* SF-Pro-Display-Medium.otf */; };
		9F819AC4255C1646007C1739 /* HelpDesk.storyboard in Resources */ = {isa = PBXBuildFile; fileRef = 65D1A2AB2554CE5E00D71965 /* HelpDesk.storyboard */; };
		9F819AC5255C1646007C1739 /* SF-Pro-Display-Bold.otf in Resources */ = {isa = PBXBuildFile; fileRef = 659A5AEC255404F100E13B77 /* SF-Pro-Display-Bold.otf */; };
		9F819AC6255C1646007C1739 /* LaunchScreen.storyboard in Resources */ = {isa = PBXBuildFile; fileRef = 659A5ABB255401ED00E13B77 /* LaunchScreen.storyboard */; };
		9F819AC7255C1646007C1739 /* SF-Pro-Text-Medium.otf in Resources */ = {isa = PBXBuildFile; fileRef = 659A5AEE255404F100E13B77 /* SF-Pro-Text-Medium.otf */; };
		9F819AC8255C1646007C1739 /* Assets.xcassets in Resources */ = {isa = PBXBuildFile; fileRef = 659A5AB9255401ED00E13B77 /* Assets.xcassets */; };
		9F819AC9255C1646007C1739 /* SF-Pro-Text-Regular.otf in Resources */ = {isa = PBXBuildFile; fileRef = 659A5AEF255404F100E13B77 /* SF-Pro-Text-Regular.otf */; };
		9F819ACA255C1646007C1739 /* SF-Pro-Display-Regular.otf in Resources */ = {isa = PBXBuildFile; fileRef = 659A5AED255404F100E13B77 /* SF-Pro-Display-Regular.otf */; };
		9F819ACB255C1646007C1739 /* Apps.storyboard in Resources */ = {isa = PBXBuildFile; fileRef = 65D1A2B02554CF1F00D71965 /* Apps.storyboard */; };
		9F819ACC255C1646007C1739 /* Main.storyboard in Resources */ = {isa = PBXBuildFile; fileRef = 659A5AB6255401EA00E13B77 /* Main.storyboard */; };
		9F895AE1255C22D7004489C6 /* AppsTableViewHeader.swift in Sources */ = {isa = PBXBuildFile; fileRef = 9F895AD9255C22D6004489C6 /* AppsTableViewHeader.swift */; };
		9F895AE2255C22D7004489C6 /* AppsTableViewHeader.swift in Sources */ = {isa = PBXBuildFile; fileRef = 9F895AD9255C22D6004489C6 /* AppsTableViewHeader.swift */; };
		9F895AE3255C22D7004489C6 /* AppsTableViewHeader.swift in Sources */ = {isa = PBXBuildFile; fileRef = 9F895AD9255C22D6004489C6 /* AppsTableViewHeader.swift */; };
		9F895AE4255C22D7004489C6 /* AppsServiceAlertCell.swift in Sources */ = {isa = PBXBuildFile; fileRef = 9F895ADA255C22D6004489C6 /* AppsServiceAlertCell.swift */; };
		9F895AE5255C22D7004489C6 /* AppsServiceAlertCell.swift in Sources */ = {isa = PBXBuildFile; fileRef = 9F895ADA255C22D6004489C6 /* AppsServiceAlertCell.swift */; };
		9F895AE6255C22D7004489C6 /* AppsServiceAlertCell.swift in Sources */ = {isa = PBXBuildFile; fileRef = 9F895ADA255C22D6004489C6 /* AppsServiceAlertCell.swift */; };
		9F895AE7255C22D7004489C6 /* ApplicationCell.swift in Sources */ = {isa = PBXBuildFile; fileRef = 9F895ADB255C22D6004489C6 /* ApplicationCell.swift */; };
		9F895AE8255C22D7004489C6 /* ApplicationCell.swift in Sources */ = {isa = PBXBuildFile; fileRef = 9F895ADB255C22D6004489C6 /* ApplicationCell.swift */; };
		9F895AE9255C22D7004489C6 /* ApplicationCell.swift in Sources */ = {isa = PBXBuildFile; fileRef = 9F895ADB255C22D6004489C6 /* ApplicationCell.swift */; };
		9F895AEA255C22D7004489C6 /* ApplicationCell.xib in Resources */ = {isa = PBXBuildFile; fileRef = 9F895ADD255C22D6004489C6 /* ApplicationCell.xib */; };
		9F895AEB255C22D7004489C6 /* ApplicationCell.xib in Resources */ = {isa = PBXBuildFile; fileRef = 9F895ADD255C22D6004489C6 /* ApplicationCell.xib */; };
		9F895AEC255C22D7004489C6 /* ApplicationCell.xib in Resources */ = {isa = PBXBuildFile; fileRef = 9F895ADD255C22D6004489C6 /* ApplicationCell.xib */; };
		9F895AED255C22D7004489C6 /* AppsTableViewHeader.xib in Resources */ = {isa = PBXBuildFile; fileRef = 9F895ADE255C22D6004489C6 /* AppsTableViewHeader.xib */; };
		9F895AEE255C22D7004489C6 /* AppsTableViewHeader.xib in Resources */ = {isa = PBXBuildFile; fileRef = 9F895ADE255C22D6004489C6 /* AppsTableViewHeader.xib */; };
		9F895AEF255C22D7004489C6 /* AppsTableViewHeader.xib in Resources */ = {isa = PBXBuildFile; fileRef = 9F895ADE255C22D6004489C6 /* AppsTableViewHeader.xib */; };
		9F895AF0255C22D7004489C6 /* AppsServiceAlertCell.xib in Resources */ = {isa = PBXBuildFile; fileRef = 9F895ADF255C22D6004489C6 /* AppsServiceAlertCell.xib */; };
		9F895AF1255C22D7004489C6 /* AppsServiceAlertCell.xib in Resources */ = {isa = PBXBuildFile; fileRef = 9F895ADF255C22D6004489C6 /* AppsServiceAlertCell.xib */; };
		9F895AF2255C22D7004489C6 /* AppsServiceAlertCell.xib in Resources */ = {isa = PBXBuildFile; fileRef = 9F895ADF255C22D6004489C6 /* AppsServiceAlertCell.xib */; };
		9F895AF3255C22D7004489C6 /* AppsViewController.swift in Sources */ = {isa = PBXBuildFile; fileRef = 9F895AE0255C22D6004489C6 /* AppsViewController.swift */; };
		9F895AF4255C22D7004489C6 /* AppsViewController.swift in Sources */ = {isa = PBXBuildFile; fileRef = 9F895AE0255C22D6004489C6 /* AppsViewController.swift */; };
		9F895AF5255C22D7004489C6 /* AppsViewController.swift in Sources */ = {isa = PBXBuildFile; fileRef = 9F895AE0255C22D6004489C6 /* AppsViewController.swift */; };
		9F895B0F255C244D004489C6 /* ApplicationStatusViewController.swift in Sources */ = {isa = PBXBuildFile; fileRef = 9F895B0D255C244D004489C6 /* ApplicationStatusViewController.swift */; };
		9F895B10255C244D004489C6 /* ApplicationStatusViewController.swift in Sources */ = {isa = PBXBuildFile; fileRef = 9F895B0D255C244D004489C6 /* ApplicationStatusViewController.swift */; };
		9F895B11255C244D004489C6 /* ApplicationStatusViewController.swift in Sources */ = {isa = PBXBuildFile; fileRef = 9F895B0D255C244D004489C6 /* ApplicationStatusViewController.swift */; };
		9F895B12255C244D004489C6 /* ApplicationStatusViewController.xib in Resources */ = {isa = PBXBuildFile; fileRef = 9F895B0E255C244D004489C6 /* ApplicationStatusViewController.xib */; };
		9F895B13255C244D004489C6 /* ApplicationStatusViewController.xib in Resources */ = {isa = PBXBuildFile; fileRef = 9F895B0E255C244D004489C6 /* ApplicationStatusViewController.xib */; };
		9F895B14255C244D004489C6 /* ApplicationStatusViewController.xib in Resources */ = {isa = PBXBuildFile; fileRef = 9F895B0E255C244D004489C6 /* ApplicationStatusViewController.xib */; };
		9F895B28255C2E38004489C6 /* SystemUpdatesCell.swift in Sources */ = {isa = PBXBuildFile; fileRef = 9F895B26255C2E38004489C6 /* SystemUpdatesCell.swift */; };
		9F895B29255C2E38004489C6 /* SystemUpdatesCell.swift in Sources */ = {isa = PBXBuildFile; fileRef = 9F895B26255C2E38004489C6 /* SystemUpdatesCell.swift */; };
		9F895B2A255C2E38004489C6 /* SystemUpdatesCell.swift in Sources */ = {isa = PBXBuildFile; fileRef = 9F895B26255C2E38004489C6 /* SystemUpdatesCell.swift */; };
		9F895B2B255C2E38004489C6 /* SystemUpdatesCell.xib in Resources */ = {isa = PBXBuildFile; fileRef = 9F895B27255C2E38004489C6 /* SystemUpdatesCell.xib */; };
		9F895B2C255C2E38004489C6 /* SystemUpdatesCell.xib in Resources */ = {isa = PBXBuildFile; fileRef = 9F895B27255C2E38004489C6 /* SystemUpdatesCell.xib */; };
		9F895B2D255C2E38004489C6 /* SystemUpdatesCell.xib in Resources */ = {isa = PBXBuildFile; fileRef = 9F895B27255C2E38004489C6 /* SystemUpdatesCell.xib */; };
		9F895B34255C337B004489C6 /* SystemStatusHeader.swift in Sources */ = {isa = PBXBuildFile; fileRef = 9F895B33255C337B004489C6 /* SystemStatusHeader.swift */; };
		9F895B35255C337B004489C6 /* SystemStatusHeader.swift in Sources */ = {isa = PBXBuildFile; fileRef = 9F895B33255C337B004489C6 /* SystemStatusHeader.swift */; };
		9F895B36255C337B004489C6 /* SystemStatusHeader.swift in Sources */ = {isa = PBXBuildFile; fileRef = 9F895B33255C337B004489C6 /* SystemStatusHeader.swift */; };
		9F895B3D255C3383004489C6 /* SystemStatusHeader.xib in Resources */ = {isa = PBXBuildFile; fileRef = 9F895B3C255C3383004489C6 /* SystemStatusHeader.xib */; };
		9F895B3E255C3383004489C6 /* SystemStatusHeader.xib in Resources */ = {isa = PBXBuildFile; fileRef = 9F895B3C255C3383004489C6 /* SystemStatusHeader.xib */; };
		9F895B3F255C3383004489C6 /* SystemStatusHeader.xib in Resources */ = {isa = PBXBuildFile; fileRef = 9F895B3C255C3383004489C6 /* SystemStatusHeader.xib */; };
		9F895B5B255C95AC004489C6 /* SystemStatusChartCell.swift in Sources */ = {isa = PBXBuildFile; fileRef = 9F895B59255C95AC004489C6 /* SystemStatusChartCell.swift */; };
		9F895B5C255C95AC004489C6 /* SystemStatusChartCell.swift in Sources */ = {isa = PBXBuildFile; fileRef = 9F895B59255C95AC004489C6 /* SystemStatusChartCell.swift */; };
		9F895B5D255C95AC004489C6 /* SystemStatusChartCell.swift in Sources */ = {isa = PBXBuildFile; fileRef = 9F895B59255C95AC004489C6 /* SystemStatusChartCell.swift */; };
		9F895B5E255C95AC004489C6 /* SystemStatusChartCell.xib in Resources */ = {isa = PBXBuildFile; fileRef = 9F895B5A255C95AC004489C6 /* SystemStatusChartCell.xib */; };
		9F895B5F255C95AC004489C6 /* SystemStatusChartCell.xib in Resources */ = {isa = PBXBuildFile; fileRef = 9F895B5A255C95AC004489C6 /* SystemStatusChartCell.xib */; };
		9F895B60255C95AC004489C6 /* SystemStatusChartCell.xib in Resources */ = {isa = PBXBuildFile; fileRef = 9F895B5A255C95AC004489C6 /* SystemStatusChartCell.xib */; };
		9F895B6A255D3D27004489C6 /* ReportScreenViewController.swift in Sources */ = {isa = PBXBuildFile; fileRef = 9F895B68255D3D27004489C6 /* ReportScreenViewController.swift */; };
		9F895B6B255D3D27004489C6 /* ReportScreenViewController.swift in Sources */ = {isa = PBXBuildFile; fileRef = 9F895B68255D3D27004489C6 /* ReportScreenViewController.swift */; };
		9F895B6C255D3D27004489C6 /* ReportScreenViewController.swift in Sources */ = {isa = PBXBuildFile; fileRef = 9F895B68255D3D27004489C6 /* ReportScreenViewController.swift */; };
		9F895B6D255D3D27004489C6 /* ReportScreenViewController.xib in Resources */ = {isa = PBXBuildFile; fileRef = 9F895B69255D3D27004489C6 /* ReportScreenViewController.xib */; };
		9F895B6E255D3D27004489C6 /* ReportScreenViewController.xib in Resources */ = {isa = PBXBuildFile; fileRef = 9F895B69255D3D27004489C6 /* ReportScreenViewController.xib */; };
		9F895B6F255D3D27004489C6 /* ReportScreenViewController.xib in Resources */ = {isa = PBXBuildFile; fileRef = 9F895B69255D3D27004489C6 /* ReportScreenViewController.xib */; };
		9F895B7B255D8812004489C6 /* CustomTextField.swift in Sources */ = {isa = PBXBuildFile; fileRef = 9F895B7A255D8810004489C6 /* CustomTextField.swift */; };
		9F895B7C255D8812004489C6 /* CustomTextField.swift in Sources */ = {isa = PBXBuildFile; fileRef = 9F895B7A255D8810004489C6 /* CustomTextField.swift */; };
		9F895B7D255D8812004489C6 /* CustomTextField.swift in Sources */ = {isa = PBXBuildFile; fileRef = 9F895B7A255D8810004489C6 /* CustomTextField.swift */; };
		9F8AEAE4255EB88500B62072 /* CustomTextView.swift in Sources */ = {isa = PBXBuildFile; fileRef = 9F8AEAE3255EB88500B62072 /* CustomTextView.swift */; };
		9F8AEAE5255EB88500B62072 /* CustomTextView.swift in Sources */ = {isa = PBXBuildFile; fileRef = 9F8AEAE3255EB88500B62072 /* CustomTextView.swift */; };
		9F8AEAE6255EB88500B62072 /* CustomTextView.swift in Sources */ = {isa = PBXBuildFile; fileRef = 9F8AEAE3255EB88500B62072 /* CustomTextView.swift */; };
		A33AE28E63E33ED4DBECEE14 /* Pods_GTADev.framework in Frameworks */ = {isa = PBXBuildFile; fileRef = 08F523F57E1E563901BF596E /* Pods_GTADev.framework */; };
		C91F707C2562FE98002F17B1 /* HelpDeskViewController.swift in Sources */ = {isa = PBXBuildFile; fileRef = C91F707B2562FE98002F17B1 /* HelpDeskViewController.swift */; };
		C91F707D2562FE98002F17B1 /* HelpDeskViewController.swift in Sources */ = {isa = PBXBuildFile; fileRef = C91F707B2562FE98002F17B1 /* HelpDeskViewController.swift */; };
		C91F707E2562FE98002F17B1 /* HelpDeskViewController.swift in Sources */ = {isa = PBXBuildFile; fileRef = C91F707B2562FE98002F17B1 /* HelpDeskViewController.swift */; };
		C91F708B2562FEC5002F17B1 /* HelpDeskCell.swift in Sources */ = {isa = PBXBuildFile; fileRef = C91F70892562FEC5002F17B1 /* HelpDeskCell.swift */; };
		C91F708C2562FEC5002F17B1 /* HelpDeskCell.swift in Sources */ = {isa = PBXBuildFile; fileRef = C91F70892562FEC5002F17B1 /* HelpDeskCell.swift */; };
		C91F708D2562FEC5002F17B1 /* HelpDeskCell.swift in Sources */ = {isa = PBXBuildFile; fileRef = C91F70892562FEC5002F17B1 /* HelpDeskCell.swift */; };
		C91F708E2562FEC5002F17B1 /* HelpDeskCell.xib in Resources */ = {isa = PBXBuildFile; fileRef = C91F708A2562FEC5002F17B1 /* HelpDeskCell.xib */; };
		C91F708F2562FEC5002F17B1 /* HelpDeskCell.xib in Resources */ = {isa = PBXBuildFile; fileRef = C91F708A2562FEC5002F17B1 /* HelpDeskCell.xib */; };
		C91F70902562FEC5002F17B1 /* HelpDeskCell.xib in Resources */ = {isa = PBXBuildFile; fileRef = C91F708A2562FEC5002F17B1 /* HelpDeskCell.xib */; };
		C93FCF0625648FA0001E86F6 /* AboutViewController.swift in Sources */ = {isa = PBXBuildFile; fileRef = C93FCF0425648FA0001E86F6 /* AboutViewController.swift */; };
		C93FCF0725648FA0001E86F6 /* AboutViewController.swift in Sources */ = {isa = PBXBuildFile; fileRef = C93FCF0425648FA0001E86F6 /* AboutViewController.swift */; };
		C93FCF0825648FA0001E86F6 /* AboutViewController.swift in Sources */ = {isa = PBXBuildFile; fileRef = C93FCF0425648FA0001E86F6 /* AboutViewController.swift */; };
		C93FCF0925648FA0001E86F6 /* AboutViewController.xib in Resources */ = {isa = PBXBuildFile; fileRef = C93FCF0525648FA0001E86F6 /* AboutViewController.xib */; };
		C93FCF0A25648FA0001E86F6 /* AboutViewController.xib in Resources */ = {isa = PBXBuildFile; fileRef = C93FCF0525648FA0001E86F6 /* AboutViewController.xib */; };
		C93FCF0B25648FA0001E86F6 /* AboutViewController.xib in Resources */ = {isa = PBXBuildFile; fileRef = C93FCF0525648FA0001E86F6 /* AboutViewController.xib */; };
		C93FCF192564901E001E86F6 /* AboutInfoCell.swift in Sources */ = {isa = PBXBuildFile; fileRef = C93FCF172564901E001E86F6 /* AboutInfoCell.swift */; };
		C93FCF1A2564901E001E86F6 /* AboutInfoCell.swift in Sources */ = {isa = PBXBuildFile; fileRef = C93FCF172564901E001E86F6 /* AboutInfoCell.swift */; };
		C93FCF1B2564901E001E86F6 /* AboutInfoCell.swift in Sources */ = {isa = PBXBuildFile; fileRef = C93FCF172564901E001E86F6 /* AboutInfoCell.swift */; };
		C93FCF1C2564901E001E86F6 /* AboutInfoCell.xib in Resources */ = {isa = PBXBuildFile; fileRef = C93FCF182564901E001E86F6 /* AboutInfoCell.xib */; };
		C93FCF1D2564901E001E86F6 /* AboutInfoCell.xib in Resources */ = {isa = PBXBuildFile; fileRef = C93FCF182564901E001E86F6 /* AboutInfoCell.xib */; };
		C93FCF1E2564901E001E86F6 /* AboutInfoCell.xib in Resources */ = {isa = PBXBuildFile; fileRef = C93FCF182564901E001E86F6 /* AboutInfoCell.xib */; };
		C93FCF312564906F001E86F6 /* AboutContactsCell.swift in Sources */ = {isa = PBXBuildFile; fileRef = C93FCF2F2564906F001E86F6 /* AboutContactsCell.swift */; };
		C93FCF322564906F001E86F6 /* AboutContactsCell.swift in Sources */ = {isa = PBXBuildFile; fileRef = C93FCF2F2564906F001E86F6 /* AboutContactsCell.swift */; };
		C93FCF332564906F001E86F6 /* AboutContactsCell.swift in Sources */ = {isa = PBXBuildFile; fileRef = C93FCF2F2564906F001E86F6 /* AboutContactsCell.swift */; };
		C93FCF342564906F001E86F6 /* AboutContactsCell.xib in Resources */ = {isa = PBXBuildFile; fileRef = C93FCF302564906F001E86F6 /* AboutContactsCell.xib */; };
		C93FCF352564906F001E86F6 /* AboutContactsCell.xib in Resources */ = {isa = PBXBuildFile; fileRef = C93FCF302564906F001E86F6 /* AboutContactsCell.xib */; };
		C93FCF362564906F001E86F6 /* AboutContactsCell.xib in Resources */ = {isa = PBXBuildFile; fileRef = C93FCF302564906F001E86F6 /* AboutContactsCell.xib */; };
		C93FCF3D2564911A001E86F6 /* AboutContactsHeader.swift in Sources */ = {isa = PBXBuildFile; fileRef = C93FCF3C2564911A001E86F6 /* AboutContactsHeader.swift */; };
		C93FCF3E2564911A001E86F6 /* AboutContactsHeader.swift in Sources */ = {isa = PBXBuildFile; fileRef = C93FCF3C2564911A001E86F6 /* AboutContactsHeader.swift */; };
		C93FCF3F2564911A001E86F6 /* AboutContactsHeader.swift in Sources */ = {isa = PBXBuildFile; fileRef = C93FCF3C2564911A001E86F6 /* AboutContactsHeader.swift */; };
		C93FCF6225649220001E86F6 /* AboutContactsHeader.xib in Resources */ = {isa = PBXBuildFile; fileRef = C93FCF6125649220001E86F6 /* AboutContactsHeader.xib */; };
		C93FCF6325649220001E86F6 /* AboutContactsHeader.xib in Resources */ = {isa = PBXBuildFile; fileRef = C93FCF6125649220001E86F6 /* AboutContactsHeader.xib */; };
		C93FCF6425649220001E86F6 /* AboutContactsHeader.xib in Resources */ = {isa = PBXBuildFile; fileRef = C93FCF6125649220001E86F6 /* AboutContactsHeader.xib */; };
/* End PBXBuildFile section */

/* Begin PBXContainerItemProxy section */
		659A5AC4255401EE00E13B77 /* PBXContainerItemProxy */ = {
			isa = PBXContainerItemProxy;
			containerPortal = 659A5AA5255401EA00E13B77 /* Project object */;
			proxyType = 1;
			remoteGlobalIDString = 659A5AAC255401EA00E13B77;
			remoteInfo = GTA;
		};
		659A5ACF255401EE00E13B77 /* PBXContainerItemProxy */ = {
			isa = PBXContainerItemProxy;
			containerPortal = 659A5AA5255401EA00E13B77 /* Project object */;
			proxyType = 1;
			remoteGlobalIDString = 659A5AAC255401EA00E13B77;
			remoteInfo = GTA;
		};
/* End PBXContainerItemProxy section */

/* Begin PBXFileReference section */
		08F523F57E1E563901BF596E /* Pods_GTADev.framework */ = {isa = PBXFileReference; explicitFileType = wrapper.framework; includeInIndex = 0; path = Pods_GTADev.framework; sourceTree = BUILT_PRODUCTS_DIR; };
		2A81D17183897C26E91E6B8F /* Pods-GTAUITests.debug.xcconfig */ = {isa = PBXFileReference; includeInIndex = 1; lastKnownFileType = text.xcconfig; name = "Pods-GTAUITests.debug.xcconfig"; path = "Target Support Files/Pods-GTAUITests/Pods-GTAUITests.debug.xcconfig"; sourceTree = "<group>"; };
		32CD469F4721B25AB5FCA92F /* Pods-GTA.release.xcconfig */ = {isa = PBXFileReference; includeInIndex = 1; lastKnownFileType = text.xcconfig; name = "Pods-GTA.release.xcconfig"; path = "Target Support Files/Pods-GTA/Pods-GTA.release.xcconfig"; sourceTree = "<group>"; };
		36A01C2B3BD99917F474E04F /* Pods-GTATests.release.xcconfig */ = {isa = PBXFileReference; includeInIndex = 1; lastKnownFileType = text.xcconfig; name = "Pods-GTATests.release.xcconfig"; path = "Target Support Files/Pods-GTATests/Pods-GTATests.release.xcconfig"; sourceTree = "<group>"; };
		659A5AAD255401EA00E13B77 /* GTA.app */ = {isa = PBXFileReference; explicitFileType = wrapper.application; includeInIndex = 0; path = GTA.app; sourceTree = BUILT_PRODUCTS_DIR; };
		659A5AB0255401EA00E13B77 /* AppDelegate.swift */ = {isa = PBXFileReference; lastKnownFileType = sourcecode.swift; path = AppDelegate.swift; sourceTree = "<group>"; };
		659A5AB2255401EA00E13B77 /* SceneDelegate.swift */ = {isa = PBXFileReference; lastKnownFileType = sourcecode.swift; path = SceneDelegate.swift; sourceTree = "<group>"; };
		659A5AB4255401EA00E13B77 /* LoginViewController.swift */ = {isa = PBXFileReference; lastKnownFileType = sourcecode.swift; path = LoginViewController.swift; sourceTree = "<group>"; };
		659A5AB7255401EA00E13B77 /* Base */ = {isa = PBXFileReference; lastKnownFileType = file.storyboard; name = Base; path = Base.lproj/Main.storyboard; sourceTree = "<group>"; };
		659A5AB9255401ED00E13B77 /* Assets.xcassets */ = {isa = PBXFileReference; lastKnownFileType = folder.assetcatalog; path = Assets.xcassets; sourceTree = "<group>"; };
		659A5ABC255401ED00E13B77 /* Base */ = {isa = PBXFileReference; lastKnownFileType = file.storyboard; name = Base; path = Base.lproj/LaunchScreen.storyboard; sourceTree = "<group>"; };
		659A5ABE255401ED00E13B77 /* Info.plist */ = {isa = PBXFileReference; lastKnownFileType = text.plist.xml; path = Info.plist; sourceTree = "<group>"; };
		659A5AC3255401EE00E13B77 /* GTATests.xctest */ = {isa = PBXFileReference; explicitFileType = wrapper.cfbundle; includeInIndex = 0; path = GTATests.xctest; sourceTree = BUILT_PRODUCTS_DIR; };
		659A5AC7255401EE00E13B77 /* GTATests.swift */ = {isa = PBXFileReference; lastKnownFileType = sourcecode.swift; path = GTATests.swift; sourceTree = "<group>"; };
		659A5AC9255401EE00E13B77 /* Info.plist */ = {isa = PBXFileReference; lastKnownFileType = text.plist.xml; path = Info.plist; sourceTree = "<group>"; };
		659A5ACE255401EE00E13B77 /* GTAUITests.xctest */ = {isa = PBXFileReference; explicitFileType = wrapper.cfbundle; includeInIndex = 0; path = GTAUITests.xctest; sourceTree = BUILT_PRODUCTS_DIR; };
		659A5AD2255401EE00E13B77 /* GTAUITests.swift */ = {isa = PBXFileReference; lastKnownFileType = sourcecode.swift; path = GTAUITests.swift; sourceTree = "<group>"; };
		659A5AD4255401EE00E13B77 /* Info.plist */ = {isa = PBXFileReference; lastKnownFileType = text.plist.xml; path = Info.plist; sourceTree = "<group>"; };
		659A5AEA255404F100E13B77 /* SF-Pro-Display-Medium.otf */ = {isa = PBXFileReference; lastKnownFileType = file; path = "SF-Pro-Display-Medium.otf"; sourceTree = "<group>"; };
		659A5AEB255404F100E13B77 /* SF-Pro-Display-Thin.otf */ = {isa = PBXFileReference; lastKnownFileType = file; path = "SF-Pro-Display-Thin.otf"; sourceTree = "<group>"; };
		659A5AEC255404F100E13B77 /* SF-Pro-Display-Bold.otf */ = {isa = PBXFileReference; lastKnownFileType = file; path = "SF-Pro-Display-Bold.otf"; sourceTree = "<group>"; };
		659A5AED255404F100E13B77 /* SF-Pro-Display-Regular.otf */ = {isa = PBXFileReference; lastKnownFileType = file; path = "SF-Pro-Display-Regular.otf"; sourceTree = "<group>"; };
		659A5AEE255404F100E13B77 /* SF-Pro-Text-Medium.otf */ = {isa = PBXFileReference; lastKnownFileType = file; path = "SF-Pro-Text-Medium.otf"; sourceTree = "<group>"; };
		659A5AEF255404F100E13B77 /* SF-Pro-Text-Regular.otf */ = {isa = PBXFileReference; lastKnownFileType = file; path = "SF-Pro-Text-Regular.otf"; sourceTree = "<group>"; };
		659A5AF9255457B600E13B77 /* Extensions.swift */ = {isa = PBXFileReference; fileEncoding = 4; lastKnownFileType = sourcecode.swift; path = Extensions.swift; sourceTree = "<group>"; };
		65D1A29225549A0600D71965 /* MainViewController.swift */ = {isa = PBXFileReference; lastKnownFileType = sourcecode.swift; path = MainViewController.swift; sourceTree = "<group>"; };
		65D1A2A02554BE3700D71965 /* Home.storyboard */ = {isa = PBXFileReference; lastKnownFileType = file.storyboard; path = Home.storyboard; sourceTree = "<group>"; };
		65D1A2AB2554CE5E00D71965 /* HelpDesk.storyboard */ = {isa = PBXFileReference; lastKnownFileType = file.storyboard; path = HelpDesk.storyboard; sourceTree = "<group>"; };
		65D1A2B02554CF1F00D71965 /* Apps.storyboard */ = {isa = PBXFileReference; lastKnownFileType = file.storyboard; path = Apps.storyboard; sourceTree = "<group>"; };
		6EB077646F36AA7D3D1D97AB /* Pods_GTAUITests.framework */ = {isa = PBXFileReference; explicitFileType = wrapper.framework; includeInIndex = 0; path = Pods_GTAUITests.framework; sourceTree = BUILT_PRODUCTS_DIR; };
		739BB9A2FBAFC3247B247CBA /* Pods_GTAStage.framework */ = {isa = PBXFileReference; explicitFileType = wrapper.framework; includeInIndex = 0; path = Pods_GTAStage.framework; sourceTree = BUILT_PRODUCTS_DIR; };
		883FCD5CF54E37AB18CEBE36 /* Pods_GTATests.framework */ = {isa = PBXFileReference; explicitFileType = wrapper.framework; includeInIndex = 0; path = Pods_GTATests.framework; sourceTree = BUILT_PRODUCTS_DIR; };
		9548C0F8B18FC77FF444A573 /* Pods-GTAStage.debug.xcconfig */ = {isa = PBXFileReference; includeInIndex = 1; lastKnownFileType = text.xcconfig; name = "Pods-GTAStage.debug.xcconfig"; path = "Target Support Files/Pods-GTAStage/Pods-GTAStage.debug.xcconfig"; sourceTree = "<group>"; };
		9A72FA34C48FCA29A5107694 /* Pods-GTAUITests.release.xcconfig */ = {isa = PBXFileReference; includeInIndex = 1; lastKnownFileType = text.xcconfig; name = "Pods-GTAUITests.release.xcconfig"; path = "Target Support Files/Pods-GTAUITests/Pods-GTAUITests.release.xcconfig"; sourceTree = "<group>"; };
		9ED2AC0BF2A369E0AC6786A4 /* Pods-GTAStage.release.xcconfig */ = {isa = PBXFileReference; includeInIndex = 1; lastKnownFileType = text.xcconfig; name = "Pods-GTAStage.release.xcconfig"; path = "Target Support Files/Pods-GTAStage/Pods-GTAStage.release.xcconfig"; sourceTree = "<group>"; };
		9F36D4322562A4A1000EE0F1 /* SF-Pro-Text-Semibold.ttf */ = {isa = PBXFileReference; lastKnownFileType = file; path = "SF-Pro-Text-Semibold.ttf"; sourceTree = "<group>"; };
		9F36D43B2562A938000EE0F1 /* SF-Pro-Display-Light.ttf */ = {isa = PBXFileReference; lastKnownFileType = file; path = "SF-Pro-Display-Light.ttf"; sourceTree = "<group>"; };
		9F36D4632562C286000EE0F1 /* HomepageTableViewController.swift */ = {isa = PBXFileReference; fileEncoding = 4; lastKnownFileType = sourcecode.swift; path = HomepageTableViewController.swift; sourceTree = "<group>"; };
		9F36D4642562C286000EE0F1 /* HomepageViewController.swift */ = {isa = PBXFileReference; fileEncoding = 4; lastKnownFileType = sourcecode.swift; path = HomepageViewController.swift; sourceTree = "<group>"; };
		9F78CFCB25640A1800BCD38F /* NewsCollectionViewCell.swift */ = {isa = PBXFileReference; lastKnownFileType = sourcecode.swift; path = NewsCollectionViewCell.swift; sourceTree = "<group>"; };
		9F78CFE72564138800BCD38F /* NewsCollectionViewCell.xib */ = {isa = PBXFileReference; lastKnownFileType = file.xib; path = NewsCollectionViewCell.xib; sourceTree = "<group>"; };
		9F819AA6255C1572007C1739 /* GTAStage.app */ = {isa = PBXFileReference; explicitFileType = wrapper.application; includeInIndex = 0; path = GTAStage.app; sourceTree = BUILT_PRODUCTS_DIR; };
		9F819AA7255C1572007C1739 /* GTAStage-Info.plist */ = {isa = PBXFileReference; lastKnownFileType = text.plist.xml; path = "GTAStage-Info.plist"; sourceTree = "<group>"; };
		9F819AD0255C1646007C1739 /* GTADev.app */ = {isa = PBXFileReference; explicitFileType = wrapper.application; includeInIndex = 0; path = GTADev.app; sourceTree = BUILT_PRODUCTS_DIR; };
		9F819AD1255C1646007C1739 /* GTADev-Info.plist */ = {isa = PBXFileReference; lastKnownFileType = text.plist.xml; path = "GTADev-Info.plist"; sourceTree = "<group>"; };
		9F895AD9255C22D6004489C6 /* AppsTableViewHeader.swift */ = {isa = PBXFileReference; fileEncoding = 4; lastKnownFileType = sourcecode.swift; path = AppsTableViewHeader.swift; sourceTree = "<group>"; };
		9F895ADA255C22D6004489C6 /* AppsServiceAlertCell.swift */ = {isa = PBXFileReference; fileEncoding = 4; lastKnownFileType = sourcecode.swift; path = AppsServiceAlertCell.swift; sourceTree = "<group>"; };
		9F895ADB255C22D6004489C6 /* ApplicationCell.swift */ = {isa = PBXFileReference; fileEncoding = 4; lastKnownFileType = sourcecode.swift; path = ApplicationCell.swift; sourceTree = "<group>"; };
		9F895ADD255C22D6004489C6 /* ApplicationCell.xib */ = {isa = PBXFileReference; fileEncoding = 4; lastKnownFileType = file.xib; path = ApplicationCell.xib; sourceTree = "<group>"; };
		9F895ADE255C22D6004489C6 /* AppsTableViewHeader.xib */ = {isa = PBXFileReference; fileEncoding = 4; lastKnownFileType = file.xib; path = AppsTableViewHeader.xib; sourceTree = "<group>"; };
		9F895ADF255C22D6004489C6 /* AppsServiceAlertCell.xib */ = {isa = PBXFileReference; fileEncoding = 4; lastKnownFileType = file.xib; path = AppsServiceAlertCell.xib; sourceTree = "<group>"; };
		9F895AE0255C22D6004489C6 /* AppsViewController.swift */ = {isa = PBXFileReference; fileEncoding = 4; lastKnownFileType = sourcecode.swift; path = AppsViewController.swift; sourceTree = "<group>"; };
		9F895B0D255C244D004489C6 /* ApplicationStatusViewController.swift */ = {isa = PBXFileReference; lastKnownFileType = sourcecode.swift; path = ApplicationStatusViewController.swift; sourceTree = "<group>"; };
		9F895B0E255C244D004489C6 /* ApplicationStatusViewController.xib */ = {isa = PBXFileReference; lastKnownFileType = file.xib; path = ApplicationStatusViewController.xib; sourceTree = "<group>"; };
		9F895B26255C2E38004489C6 /* SystemUpdatesCell.swift */ = {isa = PBXFileReference; lastKnownFileType = sourcecode.swift; path = SystemUpdatesCell.swift; sourceTree = "<group>"; };
		9F895B27255C2E38004489C6 /* SystemUpdatesCell.xib */ = {isa = PBXFileReference; lastKnownFileType = file.xib; path = SystemUpdatesCell.xib; sourceTree = "<group>"; };
		9F895B33255C337B004489C6 /* SystemStatusHeader.swift */ = {isa = PBXFileReference; lastKnownFileType = sourcecode.swift; path = SystemStatusHeader.swift; sourceTree = "<group>"; };
		9F895B3C255C3383004489C6 /* SystemStatusHeader.xib */ = {isa = PBXFileReference; lastKnownFileType = file.xib; path = SystemStatusHeader.xib; sourceTree = "<group>"; };
		9F895B59255C95AC004489C6 /* SystemStatusChartCell.swift */ = {isa = PBXFileReference; lastKnownFileType = sourcecode.swift; path = SystemStatusChartCell.swift; sourceTree = "<group>"; };
		9F895B5A255C95AC004489C6 /* SystemStatusChartCell.xib */ = {isa = PBXFileReference; lastKnownFileType = file.xib; path = SystemStatusChartCell.xib; sourceTree = "<group>"; };
		9F895B68255D3D27004489C6 /* ReportScreenViewController.swift */ = {isa = PBXFileReference; lastKnownFileType = sourcecode.swift; path = ReportScreenViewController.swift; sourceTree = "<group>"; };
		9F895B69255D3D27004489C6 /* ReportScreenViewController.xib */ = {isa = PBXFileReference; lastKnownFileType = file.xib; path = ReportScreenViewController.xib; sourceTree = "<group>"; };
		9F895B7A255D8810004489C6 /* CustomTextField.swift */ = {isa = PBXFileReference; fileEncoding = 4; lastKnownFileType = sourcecode.swift; path = CustomTextField.swift; sourceTree = "<group>"; };
		9F8AEAE3255EB88500B62072 /* CustomTextView.swift */ = {isa = PBXFileReference; lastKnownFileType = sourcecode.swift; path = CustomTextView.swift; sourceTree = "<group>"; };
		A5433B3CA873FF45A7DCD945 /* Pods-GTADev.release.xcconfig */ = {isa = PBXFileReference; includeInIndex = 1; lastKnownFileType = text.xcconfig; name = "Pods-GTADev.release.xcconfig"; path = "Target Support Files/Pods-GTADev/Pods-GTADev.release.xcconfig"; sourceTree = "<group>"; };
		B426A1A9FFC9D5E48D51730C /* Pods-GTA.debug.xcconfig */ = {isa = PBXFileReference; includeInIndex = 1; lastKnownFileType = text.xcconfig; name = "Pods-GTA.debug.xcconfig"; path = "Target Support Files/Pods-GTA/Pods-GTA.debug.xcconfig"; sourceTree = "<group>"; };
		C1A798AC2BACC8D6E1547A09 /* Pods-GTADev.debug.xcconfig */ = {isa = PBXFileReference; includeInIndex = 1; lastKnownFileType = text.xcconfig; name = "Pods-GTADev.debug.xcconfig"; path = "Target Support Files/Pods-GTADev/Pods-GTADev.debug.xcconfig"; sourceTree = "<group>"; };
		C91F707B2562FE98002F17B1 /* HelpDeskViewController.swift */ = {isa = PBXFileReference; lastKnownFileType = sourcecode.swift; path = HelpDeskViewController.swift; sourceTree = "<group>"; };
		C91F70892562FEC5002F17B1 /* HelpDeskCell.swift */ = {isa = PBXFileReference; lastKnownFileType = sourcecode.swift; path = HelpDeskCell.swift; sourceTree = "<group>"; };
		C91F708A2562FEC5002F17B1 /* HelpDeskCell.xib */ = {isa = PBXFileReference; lastKnownFileType = file.xib; path = HelpDeskCell.xib; sourceTree = "<group>"; };
		C93FCF0425648FA0001E86F6 /* AboutViewController.swift */ = {isa = PBXFileReference; lastKnownFileType = sourcecode.swift; path = AboutViewController.swift; sourceTree = "<group>"; };
		C93FCF0525648FA0001E86F6 /* AboutViewController.xib */ = {isa = PBXFileReference; lastKnownFileType = file.xib; path = AboutViewController.xib; sourceTree = "<group>"; };
		C93FCF172564901E001E86F6 /* AboutInfoCell.swift */ = {isa = PBXFileReference; lastKnownFileType = sourcecode.swift; path = AboutInfoCell.swift; sourceTree = "<group>"; };
		C93FCF182564901E001E86F6 /* AboutInfoCell.xib */ = {isa = PBXFileReference; lastKnownFileType = file.xib; path = AboutInfoCell.xib; sourceTree = "<group>"; };
		C93FCF2F2564906F001E86F6 /* AboutContactsCell.swift */ = {isa = PBXFileReference; lastKnownFileType = sourcecode.swift; path = AboutContactsCell.swift; sourceTree = "<group>"; };
		C93FCF302564906F001E86F6 /* AboutContactsCell.xib */ = {isa = PBXFileReference; lastKnownFileType = file.xib; path = AboutContactsCell.xib; sourceTree = "<group>"; };
		C93FCF3C2564911A001E86F6 /* AboutContactsHeader.swift */ = {isa = PBXFileReference; lastKnownFileType = sourcecode.swift; path = AboutContactsHeader.swift; sourceTree = "<group>"; };
		C93FCF6125649220001E86F6 /* AboutContactsHeader.xib */ = {isa = PBXFileReference; lastKnownFileType = file.xib; path = AboutContactsHeader.xib; sourceTree = "<group>"; };
		D3387A52A0F8F88F9F876531 /* Pods-GTATests.debug.xcconfig */ = {isa = PBXFileReference; includeInIndex = 1; lastKnownFileType = text.xcconfig; name = "Pods-GTATests.debug.xcconfig"; path = "Target Support Files/Pods-GTATests/Pods-GTATests.debug.xcconfig"; sourceTree = "<group>"; };
		E99FE5D7739905AF03A6B886 /* Pods_GTA.framework */ = {isa = PBXFileReference; explicitFileType = wrapper.framework; includeInIndex = 0; path = Pods_GTA.framework; sourceTree = BUILT_PRODUCTS_DIR; };
/* End PBXFileReference section */

/* Begin PBXFrameworksBuildPhase section */
		659A5AAA255401EA00E13B77 /* Frameworks */ = {
			isa = PBXFrameworksBuildPhase;
			buildActionMask = 2147483647;
			files = (
				440FDF77234ADC62245DC9CA /* Pods_GTA.framework in Frameworks */,
			);
			runOnlyForDeploymentPostprocessing = 0;
		};
		659A5AC0255401EE00E13B77 /* Frameworks */ = {
			isa = PBXFrameworksBuildPhase;
			buildActionMask = 2147483647;
			files = (
				52F3B5B0BEEA12AA44E11F65 /* Pods_GTATests.framework in Frameworks */,
			);
			runOnlyForDeploymentPostprocessing = 0;
		};
		659A5ACB255401EE00E13B77 /* Frameworks */ = {
			isa = PBXFrameworksBuildPhase;
			buildActionMask = 2147483647;
			files = (
				019973D785EE1B678CD104D4 /* Pods_GTAUITests.framework in Frameworks */,
			);
			runOnlyForDeploymentPostprocessing = 0;
		};
		9F819A95255C1572007C1739 /* Frameworks */ = {
			isa = PBXFrameworksBuildPhase;
			buildActionMask = 2147483647;
			files = (
				08DD42AB44AEA79C258F7859 /* Pods_GTAStage.framework in Frameworks */,
			);
			runOnlyForDeploymentPostprocessing = 0;
		};
		9F819ABF255C1646007C1739 /* Frameworks */ = {
			isa = PBXFrameworksBuildPhase;
			buildActionMask = 2147483647;
			files = (
				A33AE28E63E33ED4DBECEE14 /* Pods_GTADev.framework in Frameworks */,
			);
			runOnlyForDeploymentPostprocessing = 0;
		};
/* End PBXFrameworksBuildPhase section */

/* Begin PBXGroup section */
		6583BC8A2559AD4300C80673 /* Homepage */ = {
			isa = PBXGroup;
			children = (
				9F78CFCA256409D500BCD38F /* HomePageCells */,
				65D1A2A02554BE3700D71965 /* Home.storyboard */,
				9F36D4632562C286000EE0F1 /* HomepageTableViewController.swift */,
				9F36D4642562C286000EE0F1 /* HomepageViewController.swift */,
			);
			path = Homepage;
			sourceTree = "<group>";
		};
		659A5AA4255401EA00E13B77 = {
			isa = PBXGroup;
			children = (
				659A5AAF255401EA00E13B77 /* GTA */,
				659A5AC6255401EE00E13B77 /* GTATests */,
				659A5AD1255401EE00E13B77 /* GTAUITests */,
				659A5AAE255401EA00E13B77 /* Products */,
				859404A3899213CC1A467C10 /* Pods */,
				C4EF77F4D748F06CF62A7BAF /* Frameworks */,
			);
			sourceTree = "<group>";
		};
		659A5AAE255401EA00E13B77 /* Products */ = {
			isa = PBXGroup;
			children = (
				659A5AAD255401EA00E13B77 /* GTA.app */,
				659A5AC3255401EE00E13B77 /* GTATests.xctest */,
				659A5ACE255401EE00E13B77 /* GTAUITests.xctest */,
				9F819AA6255C1572007C1739 /* GTAStage.app */,
				9F819AD0255C1646007C1739 /* GTADev.app */,
			);
			name = Products;
			sourceTree = "<group>";
		};
		659A5AAF255401EA00E13B77 /* GTA */ = {
			isa = PBXGroup;
			children = (
				659A5AF9255457B600E13B77 /* Extensions.swift */,
				659A5AB0255401EA00E13B77 /* AppDelegate.swift */,
				659A5AB2255401EA00E13B77 /* SceneDelegate.swift */,
				659A5AB4255401EA00E13B77 /* LoginViewController.swift */,
				65D1A29225549A0600D71965 /* MainViewController.swift */,
				6583BC8A2559AD4300C80673 /* Homepage */,
				C91F70962562FECD002F17B1 /* HelpDeskSection */,
				9F895AD6255C22D6004489C6 /* MyAppsSection */,
				659A5AB6255401EA00E13B77 /* Main.storyboard */,
				659A5AE9255404BB00E13B77 /* Supporting Files */,
				659A5AB9255401ED00E13B77 /* Assets.xcassets */,
				659A5ABB255401ED00E13B77 /* LaunchScreen.storyboard */,
				659A5ABE255401ED00E13B77 /* Info.plist */,
				9F819AA7255C1572007C1739 /* GTAStage-Info.plist */,
				9F819AD1255C1646007C1739 /* GTADev-Info.plist */,
			);
			path = GTA;
			sourceTree = "<group>";
		};
		659A5AC6255401EE00E13B77 /* GTATests */ = {
			isa = PBXGroup;
			children = (
				659A5AC7255401EE00E13B77 /* GTATests.swift */,
				659A5AC9255401EE00E13B77 /* Info.plist */,
			);
			path = GTATests;
			sourceTree = "<group>";
		};
		659A5AD1255401EE00E13B77 /* GTAUITests */ = {
			isa = PBXGroup;
			children = (
				659A5AD2255401EE00E13B77 /* GTAUITests.swift */,
				659A5AD4255401EE00E13B77 /* Info.plist */,
			);
			path = GTAUITests;
			sourceTree = "<group>";
		};
		659A5AE9255404BB00E13B77 /* Supporting Files */ = {
			isa = PBXGroup;
			children = (
				659A5AEC255404F100E13B77 /* SF-Pro-Display-Bold.otf */,
				659A5AEA255404F100E13B77 /* SF-Pro-Display-Medium.otf */,
				659A5AED255404F100E13B77 /* SF-Pro-Display-Regular.otf */,
				9F36D43B2562A938000EE0F1 /* SF-Pro-Display-Light.ttf */,
				659A5AEB255404F100E13B77 /* SF-Pro-Display-Thin.otf */,
				9F36D4322562A4A1000EE0F1 /* SF-Pro-Text-Semibold.ttf */,
				659A5AEE255404F100E13B77 /* SF-Pro-Text-Medium.otf */,
				659A5AEF255404F100E13B77 /* SF-Pro-Text-Regular.otf */,
			);
			path = "Supporting Files";
			sourceTree = "<group>";
		};
		859404A3899213CC1A467C10 /* Pods */ = {
			isa = PBXGroup;
			children = (
				B426A1A9FFC9D5E48D51730C /* Pods-GTA.debug.xcconfig */,
				32CD469F4721B25AB5FCA92F /* Pods-GTA.release.xcconfig */,
				C1A798AC2BACC8D6E1547A09 /* Pods-GTADev.debug.xcconfig */,
				A5433B3CA873FF45A7DCD945 /* Pods-GTADev.release.xcconfig */,
				9548C0F8B18FC77FF444A573 /* Pods-GTAStage.debug.xcconfig */,
				9ED2AC0BF2A369E0AC6786A4 /* Pods-GTAStage.release.xcconfig */,
				D3387A52A0F8F88F9F876531 /* Pods-GTATests.debug.xcconfig */,
				36A01C2B3BD99917F474E04F /* Pods-GTATests.release.xcconfig */,
				2A81D17183897C26E91E6B8F /* Pods-GTAUITests.debug.xcconfig */,
				9A72FA34C48FCA29A5107694 /* Pods-GTAUITests.release.xcconfig */,
			);
			path = Pods;
			sourceTree = "<group>";
		};
		9F78CFCA256409D500BCD38F /* HomePageCells */ = {
			isa = PBXGroup;
			children = (
				9F78CFCB25640A1800BCD38F /* NewsCollectionViewCell.swift */,
				9F78CFE72564138800BCD38F /* NewsCollectionViewCell.xib */,
			);
			path = HomePageCells;
			sourceTree = "<group>";
		};
		9F895AD6255C22D6004489C6 /* MyAppsSection */ = {
			isa = PBXGroup;
			children = (
				9F895AD7255C22D6004489C6 /* AppsScreen */,
				9F8AEAE2255EB86000B62072 /* CustomClasses */,
				9F895B67255D3CCB004489C6 /* reportScreen */,
				9F895B24255C2DDF004489C6 /* ApplicationStatus */,
				C93FCF1125648FAF001E86F6 /* AboutScreen */,
			);
			path = MyAppsSection;
			sourceTree = "<group>";
		};
		9F895AD7255C22D6004489C6 /* AppsScreen */ = {
			isa = PBXGroup;
			children = (
				9F895AD8255C22D6004489C6 /* AppScreenCells */,
				9F895AE0255C22D6004489C6 /* AppsViewController.swift */,
				65D1A2B02554CF1F00D71965 /* Apps.storyboard */,
			);
			path = AppsScreen;
			sourceTree = "<group>";
		};
		9F895AD8255C22D6004489C6 /* AppScreenCells */ = {
			isa = PBXGroup;
			children = (
				9F895AD9255C22D6004489C6 /* AppsTableViewHeader.swift */,
				9F895ADA255C22D6004489C6 /* AppsServiceAlertCell.swift */,
				9F895ADB255C22D6004489C6 /* ApplicationCell.swift */,
				9F895ADC255C22D6004489C6 /* xib's */,
			);
			path = AppScreenCells;
			sourceTree = "<group>";
		};
		9F895ADC255C22D6004489C6 /* xib's */ = {
			isa = PBXGroup;
			children = (
				9F895ADD255C22D6004489C6 /* ApplicationCell.xib */,
				9F895ADE255C22D6004489C6 /* AppsTableViewHeader.xib */,
				9F895ADF255C22D6004489C6 /* AppsServiceAlertCell.xib */,
			);
			path = "xib's";
			sourceTree = "<group>";
		};
		9F895B24255C2DDF004489C6 /* ApplicationStatus */ = {
			isa = PBXGroup;
			children = (
				9F895B25255C2E0D004489C6 /* ApplicationStatusCells */,
				9F895B0D255C244D004489C6 /* ApplicationStatusViewController.swift */,
				9F895B0E255C244D004489C6 /* ApplicationStatusViewController.xib */,
			);
			path = ApplicationStatus;
			sourceTree = "<group>";
		};
		9F895B25255C2E0D004489C6 /* ApplicationStatusCells */ = {
			isa = PBXGroup;
			children = (
				9F895B26255C2E38004489C6 /* SystemUpdatesCell.swift */,
				9F895B33255C337B004489C6 /* SystemStatusHeader.swift */,
				9F895B59255C95AC004489C6 /* SystemStatusChartCell.swift */,
				9F895B66255D3B98004489C6 /* xib's */,
			);
			path = ApplicationStatusCells;
			sourceTree = "<group>";
		};
		9F895B66255D3B98004489C6 /* xib's */ = {
			isa = PBXGroup;
			children = (
				9F895B27255C2E38004489C6 /* SystemUpdatesCell.xib */,
				9F895B3C255C3383004489C6 /* SystemStatusHeader.xib */,
				9F895B5A255C95AC004489C6 /* SystemStatusChartCell.xib */,
			);
			path = "xib's";
			sourceTree = "<group>";
		};
		9F895B67255D3CCB004489C6 /* reportScreen */ = {
			isa = PBXGroup;
			children = (
				9F895B68255D3D27004489C6 /* ReportScreenViewController.swift */,
				9F895B69255D3D27004489C6 /* ReportScreenViewController.xib */,
			);
			path = reportScreen;
			sourceTree = "<group>";
		};
		9F8AEAE2255EB86000B62072 /* CustomClasses */ = {
			isa = PBXGroup;
			children = (
				9F895B7A255D8810004489C6 /* CustomTextField.swift */,
				9F8AEAE3255EB88500B62072 /* CustomTextView.swift */,
			);
			path = CustomClasses;
			sourceTree = "<group>";
		};
		C4EF77F4D748F06CF62A7BAF /* Frameworks */ = {
			isa = PBXGroup;
			children = (
				E99FE5D7739905AF03A6B886 /* Pods_GTA.framework */,
				08F523F57E1E563901BF596E /* Pods_GTADev.framework */,
				739BB9A2FBAFC3247B247CBA /* Pods_GTAStage.framework */,
				883FCD5CF54E37AB18CEBE36 /* Pods_GTATests.framework */,
				6EB077646F36AA7D3D1D97AB /* Pods_GTAUITests.framework */,
			);
			name = Frameworks;
			sourceTree = "<group>";
		};
		C91F70962562FECD002F17B1 /* HelpDeskSection */ = {
			isa = PBXGroup;
			children = (
				C91F709C2562FEEC002F17B1 /* HelpDeskScreen */,
			);
			path = HelpDeskSection;
			sourceTree = "<group>";
		};
		C91F709C2562FEEC002F17B1 /* HelpDeskScreen */ = {
			isa = PBXGroup;
			children = (
				C91F70A22562FF07002F17B1 /* HelpDeskCells */,
				C91F707B2562FE98002F17B1 /* HelpDeskViewController.swift */,
				65D1A2AB2554CE5E00D71965 /* HelpDesk.storyboard */,
			);
			path = HelpDeskScreen;
			sourceTree = "<group>";
		};
		C91F70A22562FF07002F17B1 /* HelpDeskCells */ = {
			isa = PBXGroup;
			children = (
				C91F70892562FEC5002F17B1 /* HelpDeskCell.swift */,
				C91F708A2562FEC5002F17B1 /* HelpDeskCell.xib */,
			);
			path = HelpDeskCells;
			sourceTree = "<group>";
		};
		C93FCF1125648FAF001E86F6 /* AboutScreen */ = {
			isa = PBXGroup;
			children = (
				C93FCF2925649028001E86F6 /* AboutCells */,
				C93FCF0425648FA0001E86F6 /* AboutViewController.swift */,
				C93FCF0525648FA0001E86F6 /* AboutViewController.xib */,
			);
			path = AboutScreen;
			sourceTree = "<group>";
		};
		C93FCF2925649028001E86F6 /* AboutCells */ = {
			isa = PBXGroup;
			children = (
				C93FCF172564901E001E86F6 /* AboutInfoCell.swift */,
				C93FCF3C2564911A001E86F6 /* AboutContactsHeader.swift */,
				C93FCF2F2564906F001E86F6 /* AboutContactsCell.swift */,
				C93FCF6A25649244001E86F6 /* xib's */,
			);
			path = AboutCells;
			sourceTree = "<group>";
		};
		C93FCF6A25649244001E86F6 /* xib's */ = {
			isa = PBXGroup;
			children = (
				C93FCF6125649220001E86F6 /* AboutContactsHeader.xib */,
				C93FCF302564906F001E86F6 /* AboutContactsCell.xib */,
				C93FCF182564901E001E86F6 /* AboutInfoCell.xib */,
			);
			path = "xib's";
			sourceTree = "<group>";
		};
/* End PBXGroup section */

/* Begin PBXNativeTarget section */
		659A5AAC255401EA00E13B77 /* GTA */ = {
			isa = PBXNativeTarget;
			buildConfigurationList = 659A5AD7255401EE00E13B77 /* Build configuration list for PBXNativeTarget "GTA" */;
			buildPhases = (
				38E88166FFE0B3EDAC6F9E33 /* [CP] Check Pods Manifest.lock */,
				659A5AA9255401EA00E13B77 /* Sources */,
				659A5AAA255401EA00E13B77 /* Frameworks */,
				659A5AAB255401EA00E13B77 /* Resources */,
				2B32BA7128DEF70968DB513E /* [CP] Embed Pods Frameworks */,
			);
			buildRules = (
			);
			dependencies = (
			);
			name = GTA;
			productName = GTA;
			productReference = 659A5AAD255401EA00E13B77 /* GTA.app */;
			productType = "com.apple.product-type.application";
		};
		659A5AC2255401EE00E13B77 /* GTATests */ = {
			isa = PBXNativeTarget;
			buildConfigurationList = 659A5ADA255401EE00E13B77 /* Build configuration list for PBXNativeTarget "GTATests" */;
			buildPhases = (
				811FB1E299190AF67610A93E /* [CP] Check Pods Manifest.lock */,
				659A5ABF255401EE00E13B77 /* Sources */,
				659A5AC0255401EE00E13B77 /* Frameworks */,
				659A5AC1255401EE00E13B77 /* Resources */,
			);
			buildRules = (
			);
			dependencies = (
				659A5AC5255401EE00E13B77 /* PBXTargetDependency */,
			);
			name = GTATests;
			productName = GTATests;
			productReference = 659A5AC3255401EE00E13B77 /* GTATests.xctest */;
			productType = "com.apple.product-type.bundle.unit-test";
		};
		659A5ACD255401EE00E13B77 /* GTAUITests */ = {
			isa = PBXNativeTarget;
			buildConfigurationList = 659A5ADD255401EE00E13B77 /* Build configuration list for PBXNativeTarget "GTAUITests" */;
			buildPhases = (
				CE8EA71D9B78AED9BC2AB4E4 /* [CP] Check Pods Manifest.lock */,
				659A5ACA255401EE00E13B77 /* Sources */,
				659A5ACB255401EE00E13B77 /* Frameworks */,
				659A5ACC255401EE00E13B77 /* Resources */,
			);
			buildRules = (
			);
			dependencies = (
				659A5AD0255401EE00E13B77 /* PBXTargetDependency */,
			);
			name = GTAUITests;
			productName = GTAUITests;
			productReference = 659A5ACE255401EE00E13B77 /* GTAUITests.xctest */;
			productType = "com.apple.product-type.bundle.ui-testing";
		};
		9F819A8E255C1572007C1739 /* GTAStage */ = {
			isa = PBXNativeTarget;
			buildConfigurationList = 9F819AA3255C1572007C1739 /* Build configuration list for PBXNativeTarget "GTAStage" */;
			buildPhases = (
				C423BC76216EB2606416E826 /* [CP] Check Pods Manifest.lock */,
				9F819A8F255C1572007C1739 /* Sources */,
				9F819A95255C1572007C1739 /* Frameworks */,
				9F819A96255C1572007C1739 /* Resources */,
				6F1CFDEB22845EC24F31C064 /* [CP] Embed Pods Frameworks */,
			);
			buildRules = (
			);
			dependencies = (
			);
			name = GTAStage;
			productName = GTA;
			productReference = 9F819AA6255C1572007C1739 /* GTAStage.app */;
			productType = "com.apple.product-type.application";
		};
		9F819AB8255C1646007C1739 /* GTADev */ = {
			isa = PBXNativeTarget;
			buildConfigurationList = 9F819ACD255C1646007C1739 /* Build configuration list for PBXNativeTarget "GTADev" */;
			buildPhases = (
				691FCB53C6D2DA0366D2A7D7 /* [CP] Check Pods Manifest.lock */,
				9F819AB9255C1646007C1739 /* Sources */,
				9F819ABF255C1646007C1739 /* Frameworks */,
				9F819AC0255C1646007C1739 /* Resources */,
				7CC679E6EB604C1A7FC01FA6 /* [CP] Embed Pods Frameworks */,
			);
			buildRules = (
			);
			dependencies = (
			);
			name = GTADev;
			productName = GTA;
			productReference = 9F819AD0255C1646007C1739 /* GTADev.app */;
			productType = "com.apple.product-type.application";
		};
/* End PBXNativeTarget section */

/* Begin PBXProject section */
		659A5AA5255401EA00E13B77 /* Project object */ = {
			isa = PBXProject;
			attributes = {
				LastSwiftUpdateCheck = 1200;
				LastUpgradeCheck = 1200;
				TargetAttributes = {
					659A5AAC255401EA00E13B77 = {
						CreatedOnToolsVersion = 12.0.1;
					};
					659A5AC2255401EE00E13B77 = {
						CreatedOnToolsVersion = 12.0.1;
						TestTargetID = 659A5AAC255401EA00E13B77;
					};
					659A5ACD255401EE00E13B77 = {
						CreatedOnToolsVersion = 12.0.1;
						TestTargetID = 659A5AAC255401EA00E13B77;
					};
				};
			};
			buildConfigurationList = 659A5AA8255401EA00E13B77 /* Build configuration list for PBXProject "GTA" */;
			compatibilityVersion = "Xcode 9.3";
			developmentRegion = en;
			hasScannedForEncodings = 0;
			knownRegions = (
				en,
				Base,
			);
			mainGroup = 659A5AA4255401EA00E13B77;
			productRefGroup = 659A5AAE255401EA00E13B77 /* Products */;
			projectDirPath = "";
			projectRoot = "";
			targets = (
				659A5AAC255401EA00E13B77 /* GTA */,
				9F819A8E255C1572007C1739 /* GTAStage */,
				9F819AB8255C1646007C1739 /* GTADev */,
				659A5AC2255401EE00E13B77 /* GTATests */,
				659A5ACD255401EE00E13B77 /* GTAUITests */,
			);
		};
/* End PBXProject section */

/* Begin PBXResourcesBuildPhase section */
		659A5AAB255401EA00E13B77 /* Resources */ = {
			isa = PBXResourcesBuildPhase;
			buildActionMask = 2147483647;
			files = (
				659A5AF1255404F100E13B77 /* SF-Pro-Display-Thin.otf in Resources */,
				65D1A2A12554BE3700D71965 /* Home.storyboard in Resources */,
				9F895B12255C244D004489C6 /* ApplicationStatusViewController.xib in Resources */,
				9F36D43C2562A939000EE0F1 /* SF-Pro-Display-Light.ttf in Resources */,
				9F895AEA255C22D7004489C6 /* ApplicationCell.xib in Resources */,
				9F36D4332562A4A1000EE0F1 /* SF-Pro-Text-Semibold.ttf in Resources */,
				659A5AF0255404F100E13B77 /* SF-Pro-Display-Medium.otf in Resources */,
				9F895B3D255C3383004489C6 /* SystemStatusHeader.xib in Resources */,
				65D1A2AC2554CE5E00D71965 /* HelpDesk.storyboard in Resources */,
				659A5AF2255404F100E13B77 /* SF-Pro-Display-Bold.otf in Resources */,
				C93FCF342564906F001E86F6 /* AboutContactsCell.xib in Resources */,
				C93FCF6225649220001E86F6 /* AboutContactsHeader.xib in Resources */,
				659A5ABD255401ED00E13B77 /* LaunchScreen.storyboard in Resources */,
				659A5AF4255404F100E13B77 /* SF-Pro-Text-Medium.otf in Resources */,
				659A5ABA255401ED00E13B77 /* Assets.xcassets in Resources */,
				659A5AF5255404F200E13B77 /* SF-Pro-Text-Regular.otf in Resources */,
				C91F708E2562FEC5002F17B1 /* HelpDeskCell.xib in Resources */,
				9F895AF0255C22D7004489C6 /* AppsServiceAlertCell.xib in Resources */,
				659A5AF3255404F100E13B77 /* SF-Pro-Display-Regular.otf in Resources */,
				9F895B6D255D3D27004489C6 /* ReportScreenViewController.xib in Resources */,
				65D1A2B12554CF1F00D71965 /* Apps.storyboard in Resources */,
				9F895B5E255C95AC004489C6 /* SystemStatusChartCell.xib in Resources */,
				9F895B2B255C2E38004489C6 /* SystemUpdatesCell.xib in Resources */,
				9F895AED255C22D7004489C6 /* AppsTableViewHeader.xib in Resources */,
				659A5AB8255401EA00E13B77 /* Main.storyboard in Resources */,
				9F78CFE82564138800BCD38F /* NewsCollectionViewCell.xib in Resources */,
				C93FCF0925648FA0001E86F6 /* AboutViewController.xib in Resources */,
				C93FCF1C2564901E001E86F6 /* AboutInfoCell.xib in Resources */,
			);
			runOnlyForDeploymentPostprocessing = 0;
		};
		659A5AC1255401EE00E13B77 /* Resources */ = {
			isa = PBXResourcesBuildPhase;
			buildActionMask = 2147483647;
			files = (
			);
			runOnlyForDeploymentPostprocessing = 0;
		};
		659A5ACC255401EE00E13B77 /* Resources */ = {
			isa = PBXResourcesBuildPhase;
			buildActionMask = 2147483647;
			files = (
			);
			runOnlyForDeploymentPostprocessing = 0;
		};
		9F819A96255C1572007C1739 /* Resources */ = {
			isa = PBXResourcesBuildPhase;
			buildActionMask = 2147483647;
			files = (
				9F819A97255C1572007C1739 /* SF-Pro-Display-Thin.otf in Resources */,
				9F819A98255C1572007C1739 /* Home.storyboard in Resources */,
				9F895B13255C244D004489C6 /* ApplicationStatusViewController.xib in Resources */,
				9F36D43D2562A939000EE0F1 /* SF-Pro-Display-Light.ttf in Resources */,
				9F895AEB255C22D7004489C6 /* ApplicationCell.xib in Resources */,
				9F36D4342562A4A1000EE0F1 /* SF-Pro-Text-Semibold.ttf in Resources */,
				9F819A99255C1572007C1739 /* SF-Pro-Display-Medium.otf in Resources */,
				9F895B3E255C3383004489C6 /* SystemStatusHeader.xib in Resources */,
				9F819A9A255C1572007C1739 /* HelpDesk.storyboard in Resources */,
				9F819A9B255C1572007C1739 /* SF-Pro-Display-Bold.otf in Resources */,
				C93FCF352564906F001E86F6 /* AboutContactsCell.xib in Resources */,
				C93FCF6325649220001E86F6 /* AboutContactsHeader.xib in Resources */,
				9F819A9C255C1572007C1739 /* LaunchScreen.storyboard in Resources */,
				9F819A9D255C1572007C1739 /* SF-Pro-Text-Medium.otf in Resources */,
				9F819A9E255C1572007C1739 /* Assets.xcassets in Resources */,
				9F819A9F255C1572007C1739 /* SF-Pro-Text-Regular.otf in Resources */,
				C91F708F2562FEC5002F17B1 /* HelpDeskCell.xib in Resources */,
				9F895AF1255C22D7004489C6 /* AppsServiceAlertCell.xib in Resources */,
				9F819AA0255C1572007C1739 /* SF-Pro-Display-Regular.otf in Resources */,
				9F895B6E255D3D27004489C6 /* ReportScreenViewController.xib in Resources */,
				9F819AA1255C1572007C1739 /* Apps.storyboard in Resources */,
				9F895B5F255C95AC004489C6 /* SystemStatusChartCell.xib in Resources */,
				9F895B2C255C2E38004489C6 /* SystemUpdatesCell.xib in Resources */,
				9F895AEE255C22D7004489C6 /* AppsTableViewHeader.xib in Resources */,
				9F819AA2255C1572007C1739 /* Main.storyboard in Resources */,
				9F78CFE92564138800BCD38F /* NewsCollectionViewCell.xib in Resources */,
				C93FCF0A25648FA0001E86F6 /* AboutViewController.xib in Resources */,
				C93FCF1D2564901E001E86F6 /* AboutInfoCell.xib in Resources */,
			);
			runOnlyForDeploymentPostprocessing = 0;
		};
		9F819AC0255C1646007C1739 /* Resources */ = {
			isa = PBXResourcesBuildPhase;
			buildActionMask = 2147483647;
			files = (
				9F819AC1255C1646007C1739 /* SF-Pro-Display-Thin.otf in Resources */,
				9F819AC2255C1646007C1739 /* Home.storyboard in Resources */,
				9F895B14255C244D004489C6 /* ApplicationStatusViewController.xib in Resources */,
				9F36D43E2562A939000EE0F1 /* SF-Pro-Display-Light.ttf in Resources */,
				9F895AEC255C22D7004489C6 /* ApplicationCell.xib in Resources */,
				9F36D4352562A4A1000EE0F1 /* SF-Pro-Text-Semibold.ttf in Resources */,
				9F819AC3255C1646007C1739 /* SF-Pro-Display-Medium.otf in Resources */,
				9F895B3F255C3383004489C6 /* SystemStatusHeader.xib in Resources */,
				9F819AC4255C1646007C1739 /* HelpDesk.storyboard in Resources */,
				9F819AC5255C1646007C1739 /* SF-Pro-Display-Bold.otf in Resources */,
				C93FCF362564906F001E86F6 /* AboutContactsCell.xib in Resources */,
				C93FCF6425649220001E86F6 /* AboutContactsHeader.xib in Resources */,
				9F819AC6255C1646007C1739 /* LaunchScreen.storyboard in Resources */,
				9F819AC7255C1646007C1739 /* SF-Pro-Text-Medium.otf in Resources */,
				9F819AC8255C1646007C1739 /* Assets.xcassets in Resources */,
				9F819AC9255C1646007C1739 /* SF-Pro-Text-Regular.otf in Resources */,
				C91F70902562FEC5002F17B1 /* HelpDeskCell.xib in Resources */,
				9F895AF2255C22D7004489C6 /* AppsServiceAlertCell.xib in Resources */,
				9F819ACA255C1646007C1739 /* SF-Pro-Display-Regular.otf in Resources */,
				9F895B6F255D3D27004489C6 /* ReportScreenViewController.xib in Resources */,
				9F819ACB255C1646007C1739 /* Apps.storyboard in Resources */,
				9F895B60255C95AC004489C6 /* SystemStatusChartCell.xib in Resources */,
				9F895B2D255C2E38004489C6 /* SystemUpdatesCell.xib in Resources */,
				9F895AEF255C22D7004489C6 /* AppsTableViewHeader.xib in Resources */,
				9F819ACC255C1646007C1739 /* Main.storyboard in Resources */,
				9F78CFEA2564138800BCD38F /* NewsCollectionViewCell.xib in Resources */,
				C93FCF0B25648FA0001E86F6 /* AboutViewController.xib in Resources */,
				C93FCF1E2564901E001E86F6 /* AboutInfoCell.xib in Resources */,
			);
			runOnlyForDeploymentPostprocessing = 0;
		};
/* End PBXResourcesBuildPhase section */

/* Begin PBXShellScriptBuildPhase section */
		2B32BA7128DEF70968DB513E /* [CP] Embed Pods Frameworks */ = {
			isa = PBXShellScriptBuildPhase;
			buildActionMask = 2147483647;
			files = (
			);
			inputFileListPaths = (
				"${PODS_ROOT}/Target Support Files/Pods-GTA/Pods-GTA-frameworks-${CONFIGURATION}-input-files.xcfilelist",
			);
			name = "[CP] Embed Pods Frameworks";
			outputFileListPaths = (
				"${PODS_ROOT}/Target Support Files/Pods-GTA/Pods-GTA-frameworks-${CONFIGURATION}-output-files.xcfilelist",
			);
			runOnlyForDeploymentPostprocessing = 0;
			shellPath = /bin/sh;
			shellScript = "\"${PODS_ROOT}/Target Support Files/Pods-GTA/Pods-GTA-frameworks.sh\"\n";
			showEnvVarsInLog = 0;
		};
		38E88166FFE0B3EDAC6F9E33 /* [CP] Check Pods Manifest.lock */ = {
			isa = PBXShellScriptBuildPhase;
			buildActionMask = 2147483647;
			files = (
			);
			inputFileListPaths = (
			);
			inputPaths = (
				"${PODS_PODFILE_DIR_PATH}/Podfile.lock",
				"${PODS_ROOT}/Manifest.lock",
			);
			name = "[CP] Check Pods Manifest.lock";
			outputFileListPaths = (
			);
			outputPaths = (
				"$(DERIVED_FILE_DIR)/Pods-GTA-checkManifestLockResult.txt",
			);
			runOnlyForDeploymentPostprocessing = 0;
			shellPath = /bin/sh;
			shellScript = "diff \"${PODS_PODFILE_DIR_PATH}/Podfile.lock\" \"${PODS_ROOT}/Manifest.lock\" > /dev/null\nif [ $? != 0 ] ; then\n    # print error to STDERR\n    echo \"error: The sandbox is not in sync with the Podfile.lock. Run 'pod install' or update your CocoaPods installation.\" >&2\n    exit 1\nfi\n# This output is used by Xcode 'outputs' to avoid re-running this script phase.\necho \"SUCCESS\" > \"${SCRIPT_OUTPUT_FILE_0}\"\n";
			showEnvVarsInLog = 0;
		};
		691FCB53C6D2DA0366D2A7D7 /* [CP] Check Pods Manifest.lock */ = {
			isa = PBXShellScriptBuildPhase;
			buildActionMask = 2147483647;
			files = (
			);
			inputFileListPaths = (
			);
			inputPaths = (
				"${PODS_PODFILE_DIR_PATH}/Podfile.lock",
				"${PODS_ROOT}/Manifest.lock",
			);
			name = "[CP] Check Pods Manifest.lock";
			outputFileListPaths = (
			);
			outputPaths = (
				"$(DERIVED_FILE_DIR)/Pods-GTADev-checkManifestLockResult.txt",
			);
			runOnlyForDeploymentPostprocessing = 0;
			shellPath = /bin/sh;
			shellScript = "diff \"${PODS_PODFILE_DIR_PATH}/Podfile.lock\" \"${PODS_ROOT}/Manifest.lock\" > /dev/null\nif [ $? != 0 ] ; then\n    # print error to STDERR\n    echo \"error: The sandbox is not in sync with the Podfile.lock. Run 'pod install' or update your CocoaPods installation.\" >&2\n    exit 1\nfi\n# This output is used by Xcode 'outputs' to avoid re-running this script phase.\necho \"SUCCESS\" > \"${SCRIPT_OUTPUT_FILE_0}\"\n";
			showEnvVarsInLog = 0;
		};
		6F1CFDEB22845EC24F31C064 /* [CP] Embed Pods Frameworks */ = {
			isa = PBXShellScriptBuildPhase;
			buildActionMask = 2147483647;
			files = (
			);
			inputFileListPaths = (
				"${PODS_ROOT}/Target Support Files/Pods-GTAStage/Pods-GTAStage-frameworks-${CONFIGURATION}-input-files.xcfilelist",
			);
			name = "[CP] Embed Pods Frameworks";
			outputFileListPaths = (
				"${PODS_ROOT}/Target Support Files/Pods-GTAStage/Pods-GTAStage-frameworks-${CONFIGURATION}-output-files.xcfilelist",
			);
			runOnlyForDeploymentPostprocessing = 0;
			shellPath = /bin/sh;
			shellScript = "\"${PODS_ROOT}/Target Support Files/Pods-GTAStage/Pods-GTAStage-frameworks.sh\"\n";
			showEnvVarsInLog = 0;
		};
		7CC679E6EB604C1A7FC01FA6 /* [CP] Embed Pods Frameworks */ = {
			isa = PBXShellScriptBuildPhase;
			buildActionMask = 2147483647;
			files = (
			);
			inputFileListPaths = (
				"${PODS_ROOT}/Target Support Files/Pods-GTADev/Pods-GTADev-frameworks-${CONFIGURATION}-input-files.xcfilelist",
			);
			name = "[CP] Embed Pods Frameworks";
			outputFileListPaths = (
				"${PODS_ROOT}/Target Support Files/Pods-GTADev/Pods-GTADev-frameworks-${CONFIGURATION}-output-files.xcfilelist",
			);
			runOnlyForDeploymentPostprocessing = 0;
			shellPath = /bin/sh;
			shellScript = "\"${PODS_ROOT}/Target Support Files/Pods-GTADev/Pods-GTADev-frameworks.sh\"\n";
			showEnvVarsInLog = 0;
		};
		811FB1E299190AF67610A93E /* [CP] Check Pods Manifest.lock */ = {
			isa = PBXShellScriptBuildPhase;
			buildActionMask = 2147483647;
			files = (
			);
			inputFileListPaths = (
			);
			inputPaths = (
				"${PODS_PODFILE_DIR_PATH}/Podfile.lock",
				"${PODS_ROOT}/Manifest.lock",
			);
			name = "[CP] Check Pods Manifest.lock";
			outputFileListPaths = (
			);
			outputPaths = (
				"$(DERIVED_FILE_DIR)/Pods-GTATests-checkManifestLockResult.txt",
			);
			runOnlyForDeploymentPostprocessing = 0;
			shellPath = /bin/sh;
			shellScript = "diff \"${PODS_PODFILE_DIR_PATH}/Podfile.lock\" \"${PODS_ROOT}/Manifest.lock\" > /dev/null\nif [ $? != 0 ] ; then\n    # print error to STDERR\n    echo \"error: The sandbox is not in sync with the Podfile.lock. Run 'pod install' or update your CocoaPods installation.\" >&2\n    exit 1\nfi\n# This output is used by Xcode 'outputs' to avoid re-running this script phase.\necho \"SUCCESS\" > \"${SCRIPT_OUTPUT_FILE_0}\"\n";
			showEnvVarsInLog = 0;
		};
		C423BC76216EB2606416E826 /* [CP] Check Pods Manifest.lock */ = {
			isa = PBXShellScriptBuildPhase;
			buildActionMask = 2147483647;
			files = (
			);
			inputFileListPaths = (
			);
			inputPaths = (
				"${PODS_PODFILE_DIR_PATH}/Podfile.lock",
				"${PODS_ROOT}/Manifest.lock",
			);
			name = "[CP] Check Pods Manifest.lock";
			outputFileListPaths = (
			);
			outputPaths = (
				"$(DERIVED_FILE_DIR)/Pods-GTAStage-checkManifestLockResult.txt",
			);
			runOnlyForDeploymentPostprocessing = 0;
			shellPath = /bin/sh;
			shellScript = "diff \"${PODS_PODFILE_DIR_PATH}/Podfile.lock\" \"${PODS_ROOT}/Manifest.lock\" > /dev/null\nif [ $? != 0 ] ; then\n    # print error to STDERR\n    echo \"error: The sandbox is not in sync with the Podfile.lock. Run 'pod install' or update your CocoaPods installation.\" >&2\n    exit 1\nfi\n# This output is used by Xcode 'outputs' to avoid re-running this script phase.\necho \"SUCCESS\" > \"${SCRIPT_OUTPUT_FILE_0}\"\n";
			showEnvVarsInLog = 0;
		};
		CE8EA71D9B78AED9BC2AB4E4 /* [CP] Check Pods Manifest.lock */ = {
			isa = PBXShellScriptBuildPhase;
			buildActionMask = 2147483647;
			files = (
			);
			inputFileListPaths = (
			);
			inputPaths = (
				"${PODS_PODFILE_DIR_PATH}/Podfile.lock",
				"${PODS_ROOT}/Manifest.lock",
			);
			name = "[CP] Check Pods Manifest.lock";
			outputFileListPaths = (
			);
			outputPaths = (
				"$(DERIVED_FILE_DIR)/Pods-GTAUITests-checkManifestLockResult.txt",
			);
			runOnlyForDeploymentPostprocessing = 0;
			shellPath = /bin/sh;
			shellScript = "diff \"${PODS_PODFILE_DIR_PATH}/Podfile.lock\" \"${PODS_ROOT}/Manifest.lock\" > /dev/null\nif [ $? != 0 ] ; then\n    # print error to STDERR\n    echo \"error: The sandbox is not in sync with the Podfile.lock. Run 'pod install' or update your CocoaPods installation.\" >&2\n    exit 1\nfi\n# This output is used by Xcode 'outputs' to avoid re-running this script phase.\necho \"SUCCESS\" > \"${SCRIPT_OUTPUT_FILE_0}\"\n";
			showEnvVarsInLog = 0;
		};
/* End PBXShellScriptBuildPhase section */

/* Begin PBXSourcesBuildPhase section */
		659A5AA9255401EA00E13B77 /* Sources */ = {
			isa = PBXSourcesBuildPhase;
			buildActionMask = 2147483647;
			files = (
				9F895B0F255C244D004489C6 /* ApplicationStatusViewController.swift in Sources */,
				9F78CFCD25640A1800BCD38F /* NewsCollectionViewCell.swift in Sources */,
				C93FCF0625648FA0001E86F6 /* AboutViewController.swift in Sources */,
				9F36D4652562C286000EE0F1 /* HomepageTableViewController.swift in Sources */,
				9F895AE1255C22D7004489C6 /* AppsTableViewHeader.swift in Sources */,
				659A5AB5255401EA00E13B77 /* LoginViewController.swift in Sources */,
				659A5AB1255401EA00E13B77 /* AppDelegate.swift in Sources */,
				C91F708B2562FEC5002F17B1 /* HelpDeskCell.swift in Sources */,
				659A5AB3255401EA00E13B77 /* SceneDelegate.swift in Sources */,
				9F895AE7255C22D7004489C6 /* ApplicationCell.swift in Sources */,
				9F895AF3255C22D7004489C6 /* AppsViewController.swift in Sources */,
				9F36D4682562C286000EE0F1 /* HomepageViewController.swift in Sources */,
				C93FCF192564901E001E86F6 /* AboutInfoCell.swift in Sources */,
				659A5AFA255457B600E13B77 /* Extensions.swift in Sources */,
				9F895B28255C2E38004489C6 /* SystemUpdatesCell.swift in Sources */,
				C93FCF3D2564911A001E86F6 /* AboutContactsHeader.swift in Sources */,
				9F895B34255C337B004489C6 /* SystemStatusHeader.swift in Sources */,
				9F8AEAE4255EB88500B62072 /* CustomTextView.swift in Sources */,
				9F895B5B255C95AC004489C6 /* SystemStatusChartCell.swift in Sources */,
				65D1A29325549A0600D71965 /* MainViewController.swift in Sources */,
				9F895B6A255D3D27004489C6 /* ReportScreenViewController.swift in Sources */,
				C93FCF312564906F001E86F6 /* AboutContactsCell.swift in Sources */,
				C91F707C2562FE98002F17B1 /* HelpDeskViewController.swift in Sources */,
				9F895AE4255C22D7004489C6 /* AppsServiceAlertCell.swift in Sources */,
				9F895B7B255D8812004489C6 /* CustomTextField.swift in Sources */,
			);
			runOnlyForDeploymentPostprocessing = 0;
		};
		659A5ABF255401EE00E13B77 /* Sources */ = {
			isa = PBXSourcesBuildPhase;
			buildActionMask = 2147483647;
			files = (
				659A5AC8255401EE00E13B77 /* GTATests.swift in Sources */,
			);
			runOnlyForDeploymentPostprocessing = 0;
		};
		659A5ACA255401EE00E13B77 /* Sources */ = {
			isa = PBXSourcesBuildPhase;
			buildActionMask = 2147483647;
			files = (
				659A5AD3255401EE00E13B77 /* GTAUITests.swift in Sources */,
			);
			runOnlyForDeploymentPostprocessing = 0;
		};
		9F819A8F255C1572007C1739 /* Sources */ = {
			isa = PBXSourcesBuildPhase;
			buildActionMask = 2147483647;
			files = (
				9F895B10255C244D004489C6 /* ApplicationStatusViewController.swift in Sources */,
				9F78CFCE25640A1800BCD38F /* NewsCollectionViewCell.swift in Sources */,
				C93FCF0725648FA0001E86F6 /* AboutViewController.swift in Sources */,
				9F36D4662562C286000EE0F1 /* HomepageTableViewController.swift in Sources */,
				9F895AE2255C22D7004489C6 /* AppsTableViewHeader.swift in Sources */,
				9F819A90255C1572007C1739 /* LoginViewController.swift in Sources */,
				9F819A91255C1572007C1739 /* AppDelegate.swift in Sources */,
				C91F708C2562FEC5002F17B1 /* HelpDeskCell.swift in Sources */,
				9F819A92255C1572007C1739 /* SceneDelegate.swift in Sources */,
				9F895AE8255C22D7004489C6 /* ApplicationCell.swift in Sources */,
				9F895AF4255C22D7004489C6 /* AppsViewController.swift in Sources */,
				9F36D4692562C286000EE0F1 /* HomepageViewController.swift in Sources */,
				C93FCF1A2564901E001E86F6 /* AboutInfoCell.swift in Sources */,
				9F819A93255C1572007C1739 /* Extensions.swift in Sources */,
				9F895B29255C2E38004489C6 /* SystemUpdatesCell.swift in Sources */,
				C93FCF3E2564911A001E86F6 /* AboutContactsHeader.swift in Sources */,
				9F895B35255C337B004489C6 /* SystemStatusHeader.swift in Sources */,
				9F8AEAE5255EB88500B62072 /* CustomTextView.swift in Sources */,
				9F895B5C255C95AC004489C6 /* SystemStatusChartCell.swift in Sources */,
				9F819A94255C1572007C1739 /* MainViewController.swift in Sources */,
				9F895B6B255D3D27004489C6 /* ReportScreenViewController.swift in Sources */,
				C93FCF322564906F001E86F6 /* AboutContactsCell.swift in Sources */,
				C91F707D2562FE98002F17B1 /* HelpDeskViewController.swift in Sources */,
				9F895AE5255C22D7004489C6 /* AppsServiceAlertCell.swift in Sources */,
				9F895B7C255D8812004489C6 /* CustomTextField.swift in Sources */,
			);
			runOnlyForDeploymentPostprocessing = 0;
		};
		9F819AB9255C1646007C1739 /* Sources */ = {
			isa = PBXSourcesBuildPhase;
			buildActionMask = 2147483647;
			files = (
				9F895B11255C244D004489C6 /* ApplicationStatusViewController.swift in Sources */,
				9F78CFCF25640A1800BCD38F /* NewsCollectionViewCell.swift in Sources */,
				C93FCF0825648FA0001E86F6 /* AboutViewController.swift in Sources */,
				9F36D4672562C286000EE0F1 /* HomepageTableViewController.swift in Sources */,
				9F895AE3255C22D7004489C6 /* AppsTableViewHeader.swift in Sources */,
				9F819ABA255C1646007C1739 /* LoginViewController.swift in Sources */,
				9F819ABB255C1646007C1739 /* AppDelegate.swift in Sources */,
				C91F708D2562FEC5002F17B1 /* HelpDeskCell.swift in Sources */,
				9F819ABC255C1646007C1739 /* SceneDelegate.swift in Sources */,
				9F895AE9255C22D7004489C6 /* ApplicationCell.swift in Sources */,
				9F895AF5255C22D7004489C6 /* AppsViewController.swift in Sources */,
				9F36D46A2562C286000EE0F1 /* HomepageViewController.swift in Sources */,
				C93FCF1B2564901E001E86F6 /* AboutInfoCell.swift in Sources */,
				9F819ABD255C1646007C1739 /* Extensions.swift in Sources */,
				9F895B2A255C2E38004489C6 /* SystemUpdatesCell.swift in Sources */,
				C93FCF3F2564911A001E86F6 /* AboutContactsHeader.swift in Sources */,
				9F895B36255C337B004489C6 /* SystemStatusHeader.swift in Sources */,
				9F8AEAE6255EB88500B62072 /* CustomTextView.swift in Sources */,
				9F895B5D255C95AC004489C6 /* SystemStatusChartCell.swift in Sources */,
				9F819ABE255C1646007C1739 /* MainViewController.swift in Sources */,
				9F895B6C255D3D27004489C6 /* ReportScreenViewController.swift in Sources */,
				C93FCF332564906F001E86F6 /* AboutContactsCell.swift in Sources */,
				C91F707E2562FE98002F17B1 /* HelpDeskViewController.swift in Sources */,
				9F895AE6255C22D7004489C6 /* AppsServiceAlertCell.swift in Sources */,
				9F895B7D255D8812004489C6 /* CustomTextField.swift in Sources */,
			);
			runOnlyForDeploymentPostprocessing = 0;
		};
/* End PBXSourcesBuildPhase section */

/* Begin PBXTargetDependency section */
		659A5AC5255401EE00E13B77 /* PBXTargetDependency */ = {
			isa = PBXTargetDependency;
			target = 659A5AAC255401EA00E13B77 /* GTA */;
			targetProxy = 659A5AC4255401EE00E13B77 /* PBXContainerItemProxy */;
		};
		659A5AD0255401EE00E13B77 /* PBXTargetDependency */ = {
			isa = PBXTargetDependency;
			target = 659A5AAC255401EA00E13B77 /* GTA */;
			targetProxy = 659A5ACF255401EE00E13B77 /* PBXContainerItemProxy */;
		};
/* End PBXTargetDependency section */

/* Begin PBXVariantGroup section */
		659A5AB6255401EA00E13B77 /* Main.storyboard */ = {
			isa = PBXVariantGroup;
			children = (
				659A5AB7255401EA00E13B77 /* Base */,
			);
			name = Main.storyboard;
			sourceTree = "<group>";
		};
		659A5ABB255401ED00E13B77 /* LaunchScreen.storyboard */ = {
			isa = PBXVariantGroup;
			children = (
				659A5ABC255401ED00E13B77 /* Base */,
			);
			name = LaunchScreen.storyboard;
			sourceTree = "<group>";
		};
/* End PBXVariantGroup section */

/* Begin XCBuildConfiguration section */
		659A5AD5255401EE00E13B77 /* Debug */ = {
			isa = XCBuildConfiguration;
			buildSettings = {
				ALWAYS_SEARCH_USER_PATHS = NO;
				CLANG_ANALYZER_NONNULL = YES;
				CLANG_ANALYZER_NUMBER_OBJECT_CONVERSION = YES_AGGRESSIVE;
				CLANG_CXX_LANGUAGE_STANDARD = "gnu++14";
				CLANG_CXX_LIBRARY = "libc++";
				CLANG_ENABLE_MODULES = YES;
				CLANG_ENABLE_OBJC_ARC = YES;
				CLANG_ENABLE_OBJC_WEAK = YES;
				CLANG_WARN_BLOCK_CAPTURE_AUTORELEASING = YES;
				CLANG_WARN_BOOL_CONVERSION = YES;
				CLANG_WARN_COMMA = YES;
				CLANG_WARN_CONSTANT_CONVERSION = YES;
				CLANG_WARN_DEPRECATED_OBJC_IMPLEMENTATIONS = YES;
				CLANG_WARN_DIRECT_OBJC_ISA_USAGE = YES_ERROR;
				CLANG_WARN_DOCUMENTATION_COMMENTS = YES;
				CLANG_WARN_EMPTY_BODY = YES;
				CLANG_WARN_ENUM_CONVERSION = YES;
				CLANG_WARN_INFINITE_RECURSION = YES;
				CLANG_WARN_INT_CONVERSION = YES;
				CLANG_WARN_NON_LITERAL_NULL_CONVERSION = YES;
				CLANG_WARN_OBJC_IMPLICIT_RETAIN_SELF = YES;
				CLANG_WARN_OBJC_LITERAL_CONVERSION = YES;
				CLANG_WARN_OBJC_ROOT_CLASS = YES_ERROR;
				CLANG_WARN_QUOTED_INCLUDE_IN_FRAMEWORK_HEADER = YES;
				CLANG_WARN_RANGE_LOOP_ANALYSIS = YES;
				CLANG_WARN_STRICT_PROTOTYPES = YES;
				CLANG_WARN_SUSPICIOUS_MOVE = YES;
				CLANG_WARN_UNGUARDED_AVAILABILITY = YES_AGGRESSIVE;
				CLANG_WARN_UNREACHABLE_CODE = YES;
				CLANG_WARN__DUPLICATE_METHOD_MATCH = YES;
				COPY_PHASE_STRIP = NO;
				DEBUG_INFORMATION_FORMAT = dwarf;
				ENABLE_STRICT_OBJC_MSGSEND = YES;
				ENABLE_TESTABILITY = YES;
				GCC_C_LANGUAGE_STANDARD = gnu11;
				GCC_DYNAMIC_NO_PIC = NO;
				GCC_NO_COMMON_BLOCKS = YES;
				GCC_OPTIMIZATION_LEVEL = 0;
				GCC_PREPROCESSOR_DEFINITIONS = (
					"DEBUG=1",
					"$(inherited)",
				);
				GCC_WARN_64_TO_32_BIT_CONVERSION = YES;
				GCC_WARN_ABOUT_RETURN_TYPE = YES_ERROR;
				GCC_WARN_UNDECLARED_SELECTOR = YES;
				GCC_WARN_UNINITIALIZED_AUTOS = YES_AGGRESSIVE;
				GCC_WARN_UNUSED_FUNCTION = YES;
				GCC_WARN_UNUSED_VARIABLE = YES;
				IPHONEOS_DEPLOYMENT_TARGET = 14.0;
				MTL_ENABLE_DEBUG_INFO = INCLUDE_SOURCE;
				MTL_FAST_MATH = YES;
				ONLY_ACTIVE_ARCH = YES;
				SDKROOT = iphoneos;
				SWIFT_ACTIVE_COMPILATION_CONDITIONS = DEBUG;
				SWIFT_OPTIMIZATION_LEVEL = "-Onone";
			};
			name = Debug;
		};
		659A5AD6255401EE00E13B77 /* Release */ = {
			isa = XCBuildConfiguration;
			buildSettings = {
				ALWAYS_SEARCH_USER_PATHS = NO;
				CLANG_ANALYZER_NONNULL = YES;
				CLANG_ANALYZER_NUMBER_OBJECT_CONVERSION = YES_AGGRESSIVE;
				CLANG_CXX_LANGUAGE_STANDARD = "gnu++14";
				CLANG_CXX_LIBRARY = "libc++";
				CLANG_ENABLE_MODULES = YES;
				CLANG_ENABLE_OBJC_ARC = YES;
				CLANG_ENABLE_OBJC_WEAK = YES;
				CLANG_WARN_BLOCK_CAPTURE_AUTORELEASING = YES;
				CLANG_WARN_BOOL_CONVERSION = YES;
				CLANG_WARN_COMMA = YES;
				CLANG_WARN_CONSTANT_CONVERSION = YES;
				CLANG_WARN_DEPRECATED_OBJC_IMPLEMENTATIONS = YES;
				CLANG_WARN_DIRECT_OBJC_ISA_USAGE = YES_ERROR;
				CLANG_WARN_DOCUMENTATION_COMMENTS = YES;
				CLANG_WARN_EMPTY_BODY = YES;
				CLANG_WARN_ENUM_CONVERSION = YES;
				CLANG_WARN_INFINITE_RECURSION = YES;
				CLANG_WARN_INT_CONVERSION = YES;
				CLANG_WARN_NON_LITERAL_NULL_CONVERSION = YES;
				CLANG_WARN_OBJC_IMPLICIT_RETAIN_SELF = YES;
				CLANG_WARN_OBJC_LITERAL_CONVERSION = YES;
				CLANG_WARN_OBJC_ROOT_CLASS = YES_ERROR;
				CLANG_WARN_QUOTED_INCLUDE_IN_FRAMEWORK_HEADER = YES;
				CLANG_WARN_RANGE_LOOP_ANALYSIS = YES;
				CLANG_WARN_STRICT_PROTOTYPES = YES;
				CLANG_WARN_SUSPICIOUS_MOVE = YES;
				CLANG_WARN_UNGUARDED_AVAILABILITY = YES_AGGRESSIVE;
				CLANG_WARN_UNREACHABLE_CODE = YES;
				CLANG_WARN__DUPLICATE_METHOD_MATCH = YES;
				COPY_PHASE_STRIP = NO;
				DEBUG_INFORMATION_FORMAT = "dwarf-with-dsym";
				ENABLE_NS_ASSERTIONS = NO;
				ENABLE_STRICT_OBJC_MSGSEND = YES;
				GCC_C_LANGUAGE_STANDARD = gnu11;
				GCC_NO_COMMON_BLOCKS = YES;
				GCC_WARN_64_TO_32_BIT_CONVERSION = YES;
				GCC_WARN_ABOUT_RETURN_TYPE = YES_ERROR;
				GCC_WARN_UNDECLARED_SELECTOR = YES;
				GCC_WARN_UNINITIALIZED_AUTOS = YES_AGGRESSIVE;
				GCC_WARN_UNUSED_FUNCTION = YES;
				GCC_WARN_UNUSED_VARIABLE = YES;
				IPHONEOS_DEPLOYMENT_TARGET = 14.0;
				MTL_ENABLE_DEBUG_INFO = NO;
				MTL_FAST_MATH = YES;
				SDKROOT = iphoneos;
				SWIFT_COMPILATION_MODE = wholemodule;
				SWIFT_OPTIMIZATION_LEVEL = "-O";
				VALIDATE_PRODUCT = YES;
			};
			name = Release;
		};
		659A5AD8255401EE00E13B77 /* Debug */ = {
			isa = XCBuildConfiguration;
			baseConfigurationReference = B426A1A9FFC9D5E48D51730C /* Pods-GTA.debug.xcconfig */;
			buildSettings = {
				ASSETCATALOG_COMPILER_APPICON_NAME = AppIcon;
				ASSETCATALOG_COMPILER_GLOBAL_ACCENT_COLOR_NAME = AccentColor;
				CODE_SIGN_STYLE = Automatic;
				INFOPLIST_FILE = GTA/Info.plist;
				LD_RUNPATH_SEARCH_PATHS = (
					"$(inherited)",
					"@executable_path/Frameworks",
				);
				PRODUCT_BUNDLE_IDENTIFIER = com.sonymusic.gta;
				PRODUCT_NAME = "$(TARGET_NAME)";
				SWIFT_VERSION = 5.0;
				TARGETED_DEVICE_FAMILY = 1;
			};
			name = Debug;
		};
		659A5AD9255401EE00E13B77 /* Release */ = {
			isa = XCBuildConfiguration;
			baseConfigurationReference = 32CD469F4721B25AB5FCA92F /* Pods-GTA.release.xcconfig */;
			buildSettings = {
				ASSETCATALOG_COMPILER_APPICON_NAME = AppIcon;
				ASSETCATALOG_COMPILER_GLOBAL_ACCENT_COLOR_NAME = AccentColor;
				CODE_SIGN_STYLE = Automatic;
				INFOPLIST_FILE = GTA/Info.plist;
				LD_RUNPATH_SEARCH_PATHS = (
					"$(inherited)",
					"@executable_path/Frameworks",
				);
				PRODUCT_BUNDLE_IDENTIFIER = com.sonymusic.gta;
				PRODUCT_NAME = "$(TARGET_NAME)";
				SWIFT_VERSION = 5.0;
				TARGETED_DEVICE_FAMILY = 1;
			};
			name = Release;
		};
		659A5ADB255401EE00E13B77 /* Debug */ = {
			isa = XCBuildConfiguration;
			baseConfigurationReference = D3387A52A0F8F88F9F876531 /* Pods-GTATests.debug.xcconfig */;
			buildSettings = {
				ALWAYS_EMBED_SWIFT_STANDARD_LIBRARIES = YES;
				BUNDLE_LOADER = "$(TEST_HOST)";
				CODE_SIGN_STYLE = Automatic;
				INFOPLIST_FILE = GTATests/Info.plist;
				IPHONEOS_DEPLOYMENT_TARGET = 14.0;
				LD_RUNPATH_SEARCH_PATHS = (
					"$(inherited)",
					"@executable_path/Frameworks",
					"@loader_path/Frameworks",
				);
				PRODUCT_BUNDLE_IDENTIFIER = com.sonymusic.GTATests;
				PRODUCT_NAME = "$(TARGET_NAME)";
				SWIFT_VERSION = 5.0;
				TARGETED_DEVICE_FAMILY = "1,2";
				TEST_HOST = "$(BUILT_PRODUCTS_DIR)/GTA.app/GTA";
			};
			name = Debug;
		};
		659A5ADC255401EE00E13B77 /* Release */ = {
			isa = XCBuildConfiguration;
			baseConfigurationReference = 36A01C2B3BD99917F474E04F /* Pods-GTATests.release.xcconfig */;
			buildSettings = {
				ALWAYS_EMBED_SWIFT_STANDARD_LIBRARIES = YES;
				BUNDLE_LOADER = "$(TEST_HOST)";
				CODE_SIGN_STYLE = Automatic;
				INFOPLIST_FILE = GTATests/Info.plist;
				IPHONEOS_DEPLOYMENT_TARGET = 14.0;
				LD_RUNPATH_SEARCH_PATHS = (
					"$(inherited)",
					"@executable_path/Frameworks",
					"@loader_path/Frameworks",
				);
				PRODUCT_BUNDLE_IDENTIFIER = com.sonymusic.GTATests;
				PRODUCT_NAME = "$(TARGET_NAME)";
				SWIFT_VERSION = 5.0;
				TARGETED_DEVICE_FAMILY = "1,2";
				TEST_HOST = "$(BUILT_PRODUCTS_DIR)/GTA.app/GTA";
			};
			name = Release;
		};
		659A5ADE255401EE00E13B77 /* Debug */ = {
			isa = XCBuildConfiguration;
			baseConfigurationReference = 2A81D17183897C26E91E6B8F /* Pods-GTAUITests.debug.xcconfig */;
			buildSettings = {
				ALWAYS_EMBED_SWIFT_STANDARD_LIBRARIES = YES;
				CODE_SIGN_STYLE = Automatic;
				INFOPLIST_FILE = GTAUITests/Info.plist;
				LD_RUNPATH_SEARCH_PATHS = (
					"$(inherited)",
					"@executable_path/Frameworks",
					"@loader_path/Frameworks",
				);
				PRODUCT_BUNDLE_IDENTIFIER = com.sonymusic.GTAUITests;
				PRODUCT_NAME = "$(TARGET_NAME)";
				SWIFT_VERSION = 5.0;
				TARGETED_DEVICE_FAMILY = "1,2";
				TEST_TARGET_NAME = GTA;
			};
			name = Debug;
		};
		659A5ADF255401EE00E13B77 /* Release */ = {
			isa = XCBuildConfiguration;
			baseConfigurationReference = 9A72FA34C48FCA29A5107694 /* Pods-GTAUITests.release.xcconfig */;
			buildSettings = {
				ALWAYS_EMBED_SWIFT_STANDARD_LIBRARIES = YES;
				CODE_SIGN_STYLE = Automatic;
				INFOPLIST_FILE = GTAUITests/Info.plist;
				LD_RUNPATH_SEARCH_PATHS = (
					"$(inherited)",
					"@executable_path/Frameworks",
					"@loader_path/Frameworks",
				);
				PRODUCT_BUNDLE_IDENTIFIER = com.sonymusic.GTAUITests;
				PRODUCT_NAME = "$(TARGET_NAME)";
				SWIFT_VERSION = 5.0;
				TARGETED_DEVICE_FAMILY = "1,2";
				TEST_TARGET_NAME = GTA;
			};
			name = Release;
		};
		9F819AA4255C1572007C1739 /* Debug */ = {
			isa = XCBuildConfiguration;
			baseConfigurationReference = 9548C0F8B18FC77FF444A573 /* Pods-GTAStage.debug.xcconfig */;
			buildSettings = {
				ASSETCATALOG_COMPILER_APPICON_NAME = AppIcon;
				ASSETCATALOG_COMPILER_GLOBAL_ACCENT_COLOR_NAME = AccentColor;
				CODE_SIGN_STYLE = Automatic;
				INFOPLIST_FILE = "GTA/GTAStage-Info.plist";
				LD_RUNPATH_SEARCH_PATHS = (
					"$(inherited)",
					"@executable_path/Frameworks",
				);
				PRODUCT_BUNDLE_IDENTIFIER = com.sonymusic.gtastage;
				PRODUCT_NAME = "$(TARGET_NAME)";
				SWIFT_VERSION = 5.0;
				TARGETED_DEVICE_FAMILY = 1;
			};
			name = Debug;
		};
		9F819AA5255C1572007C1739 /* Release */ = {
			isa = XCBuildConfiguration;
			baseConfigurationReference = 9ED2AC0BF2A369E0AC6786A4 /* Pods-GTAStage.release.xcconfig */;
			buildSettings = {
				ASSETCATALOG_COMPILER_APPICON_NAME = AppIcon;
				ASSETCATALOG_COMPILER_GLOBAL_ACCENT_COLOR_NAME = AccentColor;
				CODE_SIGN_STYLE = Automatic;
				INFOPLIST_FILE = "GTA/GTAStage-Info.plist";
				LD_RUNPATH_SEARCH_PATHS = (
					"$(inherited)",
					"@executable_path/Frameworks",
				);
				PRODUCT_BUNDLE_IDENTIFIER = com.sonymusic.gtastage;
				PRODUCT_NAME = "$(TARGET_NAME)";
				SWIFT_VERSION = 5.0;
				TARGETED_DEVICE_FAMILY = 1;
			};
			name = Release;
		};
		9F819ACE255C1646007C1739 /* Debug */ = {
			isa = XCBuildConfiguration;
			baseConfigurationReference = C1A798AC2BACC8D6E1547A09 /* Pods-GTADev.debug.xcconfig */;
			buildSettings = {
				ASSETCATALOG_COMPILER_APPICON_NAME = AppIcon;
				ASSETCATALOG_COMPILER_GLOBAL_ACCENT_COLOR_NAME = AccentColor;
				CODE_SIGN_STYLE = Automatic;
				INFOPLIST_FILE = "GTA/GTADev-Info.plist";
				LD_RUNPATH_SEARCH_PATHS = (
					"$(inherited)",
					"@executable_path/Frameworks",
				);
				PRODUCT_BUNDLE_IDENTIFIER = com.sonymusic.gtadev;
				PRODUCT_NAME = "$(TARGET_NAME)";
				SWIFT_VERSION = 5.0;
				TARGETED_DEVICE_FAMILY = 1;
			};
			name = Debug;
		};
		9F819ACF255C1646007C1739 /* Release */ = {
			isa = XCBuildConfiguration;
			baseConfigurationReference = A5433B3CA873FF45A7DCD945 /* Pods-GTADev.release.xcconfig */;
			buildSettings = {
				ASSETCATALOG_COMPILER_APPICON_NAME = AppIcon;
				ASSETCATALOG_COMPILER_GLOBAL_ACCENT_COLOR_NAME = AccentColor;
				CODE_SIGN_STYLE = Automatic;
				INFOPLIST_FILE = "GTA/GTADev-Info.plist";
				LD_RUNPATH_SEARCH_PATHS = (
					"$(inherited)",
					"@executable_path/Frameworks",
				);
				PRODUCT_BUNDLE_IDENTIFIER = com.sonymusic.gtadev;
				PRODUCT_NAME = "$(TARGET_NAME)";
				SWIFT_VERSION = 5.0;
				TARGETED_DEVICE_FAMILY = 1;
			};
			name = Release;
		};
/* End XCBuildConfiguration section */

/* Begin XCConfigurationList section */
		659A5AA8255401EA00E13B77 /* Build configuration list for PBXProject "GTA" */ = {
			isa = XCConfigurationList;
			buildConfigurations = (
				659A5AD5255401EE00E13B77 /* Debug */,
				659A5AD6255401EE00E13B77 /* Release */,
			);
			defaultConfigurationIsVisible = 0;
			defaultConfigurationName = Release;
		};
		659A5AD7255401EE00E13B77 /* Build configuration list for PBXNativeTarget "GTA" */ = {
			isa = XCConfigurationList;
			buildConfigurations = (
				659A5AD8255401EE00E13B77 /* Debug */,
				659A5AD9255401EE00E13B77 /* Release */,
			);
			defaultConfigurationIsVisible = 0;
			defaultConfigurationName = Release;
		};
		659A5ADA255401EE00E13B77 /* Build configuration list for PBXNativeTarget "GTATests" */ = {
			isa = XCConfigurationList;
			buildConfigurations = (
				659A5ADB255401EE00E13B77 /* Debug */,
				659A5ADC255401EE00E13B77 /* Release */,
			);
			defaultConfigurationIsVisible = 0;
			defaultConfigurationName = Release;
		};
		659A5ADD255401EE00E13B77 /* Build configuration list for PBXNativeTarget "GTAUITests" */ = {
			isa = XCConfigurationList;
			buildConfigurations = (
				659A5ADE255401EE00E13B77 /* Debug */,
				659A5ADF255401EE00E13B77 /* Release */,
			);
			defaultConfigurationIsVisible = 0;
			defaultConfigurationName = Release;
		};
		9F819AA3255C1572007C1739 /* Build configuration list for PBXNativeTarget "GTAStage" */ = {
			isa = XCConfigurationList;
			buildConfigurations = (
				9F819AA4255C1572007C1739 /* Debug */,
				9F819AA5255C1572007C1739 /* Release */,
			);
			defaultConfigurationIsVisible = 0;
			defaultConfigurationName = Release;
		};
		9F819ACD255C1646007C1739 /* Build configuration list for PBXNativeTarget "GTADev" */ = {
			isa = XCConfigurationList;
			buildConfigurations = (
				9F819ACE255C1646007C1739 /* Debug */,
				9F819ACF255C1646007C1739 /* Release */,
			);
			defaultConfigurationIsVisible = 0;
			defaultConfigurationName = Release;
		};
/* End XCConfigurationList section */
	};
	rootObject = 659A5AA5255401EA00E13B77 /* Project object */;
}
